{"format_version":"0.2","terraform_version":"1.0.4","planned_values":{"root_module":{"resources":[{"address":"aws_db_instance.default","mode":"managed","type":"aws_db_instance","name":"default","provider_name":"registry.terraform.io/hashicorp/aws","schema_version":1,"values":{"allocated_storage":10,"allow_major_version_upgrade":null,"auto_minor_version_upgrade":true,"copy_tags_to_snapshot":false,"customer_owned_ip_enabled":null,"delete_automated_backups":true,"deletion_protection":null,"domain":null,"domain_iam_role_name":null,"enabled_cloudwatch_logs_exports":null,"engine":"mysql","engine_version":"5.7","final_snapshot_identifier":null,"iam_database_authentication_enabled":null,"instance_class":"db.t3.micro","iops":null,"max_allocated_storage":null,"monitoring_interval":0,"name":"mydb","parameter_group_name":"default.mysql5.7","password":"foobarbaz","performance_insights_enabled":false,"publicly_accessible":false,"replicate_source_db":null,"restore_to_point_in_time":[],"s3_import":[],"security_group_names":null,"skip_final_snapshot":true,"storage_encrypted":null,"tags":null,"timeouts":null,"username":"foo"},"sensitive_values":{"replicas":[],"restore_to_point_in_time":[],"s3_import":[],"tags_all":{},"vpc_security_group_ids":[]}}],"child_modules":[{"resources":[{"address":"module.ec2_with_t2.aws_instance.this[0]","mode":"managed","type":"aws_instance","name":"this","index":0,"provider_name":"registry.terraform.io/hashicorp/aws","schema_version":1,"values":{"ami":"ami-0c2b8ca1dad447f8a","arn":"arn:aws:ec2:us-east-1:863485925838:instance/i-0aca2406abc0f08fa","associate_public_ip_address":false,"availability_zone":"us-east-1e","capacity_reservation_specification":[{"capacity_reservation_preference":"open","capacity_reservation_target":[]}],"cpu_core_count":1,"cpu_threads_per_core":2,"credit_specification":[{"cpu_credits":"standard"}],"disable_api_termination":false,"ebs_block_device":[],"ebs_optimized":false,"enclave_options":[{"enabled":false}],"ephemeral_block_device":[],"get_password_data":false,"hibernation":false,"host_id":null,"iam_instance_profile":"","id":"i-0aca2406abc0f08fa","instance_initiated_shutdown_behavior":"stop","instance_state":"stopped","instance_type":"t3.micro","ipv6_address_count":0,"ipv6_addresses":[],"key_name":"mafkey","launch_template":[],"metadata_options":[{"http_endpoint":"enabled","http_put_response_hop_limit":1,"http_tokens":"required"}],"monitoring":false,"network_interface":[],"outpost_arn":"","password_data":"","placement_group":"","primary_network_interface_id":"eni-0086eaa189796a6e8","private_dns":"ip-172-31-59-50.ec2.internal","private_ip":"172.31.59.50","public_dns":"","public_ip":"","root_block_device":[{"delete_on_termination":true,"device_name":"/dev/xvda","encrypted":false,"iops":100,"kms_key_id":"","tags":{},"throughput":0,"volume_id":"vol-02a4c4c1e48aa41d7","volume_size":8,"volume_type":"gp2"}],"secondary_private_ips":[],"security_groups":["example-20210829071813514200000001"],"source_dest_check":true,"subnet_id":"subnet-055257464fff12e37","tags":{"BU":"IT","ENV":"dev","Name":"maf-instance-t2"},"tags_all":{"BU":"IT","ENV":"dev","Name":"maf-instance-t2"},"tenancy":"default","timeouts":{"create":null,"delete":null,"update":null},"user_data":null,"user_data_base64":null,"volume_tags":{"Name":"maf-instance-t2"},"vpc_security_group_ids":["sg-0386b917615b8e052"]},"sensitive_values":{"capacity_reservation_specification":[{"capacity_reservation_target":[]}],"credit_specification":[{}],"ebs_block_device":[],"enclave_options":[{}],"ephemeral_block_device":[],"ipv6_addresses":[],"launch_template":[],"metadata_options":[{}],"network_interface":[],"root_block_device":[{"tags":{}}],"secondary_private_ips":[],"security_groups":[false],"tags":{},"tags_all":{},"timeouts":{},"volume_tags":{},"vpc_security_group_ids":[false]}}],"address":"module.ec2_with_t2"},{"resources":[{"address":"module.s3_bucket.aws_s3_bucket.this[0]","mode":"managed","type":"aws_s3_bucket","name":"this","index":0,"provider_name":"registry.terraform.io/hashicorp/aws","schema_version":0,"values":{"acceleration_status":"","acl":"private","arn":"arn:aws:s3:::my-s3-bucketmafterraformpoc","bucket":"my-s3-bucketmafterraformpoc","bucket_domain_name":"my-s3-bucketmafterraformpoc.s3.amazonaws.com","bucket_prefix":null,"bucket_regional_domain_name":"my-s3-bucketmafterraformpoc.s3.amazonaws.com","cors_rule":[],"force_destroy":false,"grant":[],"hosted_zone_id":"Z3AQBSTGFYJSTF","id":"my-s3-bucketmafterraformpoc","lifecycle_rule":[],"logging":[{"target_bucket":"bucket-logging-maf-us-east","target_prefix":""}],"object_lock_configuration":[],"policy":null,"region":"us-east-1","replication_configuration":[],"request_payer":"BucketOwner","server_side_encryption_configuration":[{"rule":[{"apply_server_side_encryption_by_default":[{"kms_master_key_id":"","sse_algorithm":"AES256"}],"bucket_key_enabled":false}]}],"tags":{},"tags_all":{},"versioning":[{"enabled":true,"mfa_delete":false}],"website":[],"website_domain":null,"website_endpoint":null},"sensitive_values":{"cors_rule":[],"grant":[],"lifecycle_rule":[],"logging":[{}],"object_lock_configuration":[],"replication_configuration":[],"server_side_encryption_configuration":[{"rule":[{"apply_server_side_encryption_by_default":[{}]}]}],"tags":{},"tags_all":{},"versioning":[{}],"website":[]}},{"address":"module.s3_bucket.aws_s3_bucket_public_access_block.this[0]","mode":"managed","type":"aws_s3_bucket_public_access_block","name":"this","index":0,"provider_name":"registry.terraform.io/hashicorp/aws","schema_version":0,"values":{"block_public_acls":true,"block_public_policy":true,"bucket":"my-s3-bucketmafterraformpoc","id":"my-s3-bucketmafterraformpoc","ignore_public_acls":true,"restrict_public_buckets":true},"sensitive_values":{}}],"address":"module.s3_bucket"},{"resources":[{"address":"module.security_group.aws_security_group.this_name_prefix[0]","mode":"managed","type":"aws_security_group","name":"this_name_prefix","index":0,"provider_name":"registry.terraform.io/hashicorp/aws","schema_version":1,"values":{"arn":"arn:aws:ec2:us-east-1:863485925838:security-group/sg-0386b917615b8e052","description":"Security group for example usage with EC2 instance","egress":[],"id":"sg-0386b917615b8e052","ingress":[{"cidr_blocks":["197.48.189.127/32"],"description":"SSH","from_port":22,"ipv6_cidr_blocks":[],"prefix_list_ids":[],"protocol":"tcp","security_groups":[],"self":false,"to_port":22}],"name":"example-20210829071813514200000001","name_prefix":"example-","owner_id":"863485925838","revoke_rules_on_delete":false,"tags":{"Name":"example"},"tags_all":{"Name":"example"},"timeouts":null,"vpc_id":"vpc-0d845d67c88b01ccd"},"sensitive_values":{"egress":[],"ingress":[{"cidr_blocks":[false],"ipv6_cidr_blocks":[],"prefix_list_ids":[],"security_groups":[]}],"tags":{},"tags_all":{}}},{"address":"module.security_group.aws_security_group_rule.ingress_rules[0]","mode":"managed","type":"aws_security_group_rule","name":"ingress_rules","index":0,"provider_name":"registry.terraform.io/hashicorp/aws","schema_version":2,"values":{"cidr_blocks":["197.48.189.127/32"],"description":"SSH","from_port":22,"id":"sgrule-512393368","ipv6_cidr_blocks":[],"prefix_list_ids":[],"protocol":"tcp","security_group_id":"sg-0386b917615b8e052","self":false,"source_security_group_id":null,"to_port":22,"type":"ingress"},"sensitive_values":{"cidr_blocks":[false],"ipv6_cidr_blocks":[],"prefix_list_ids":[]}}],"address":"module.security_group"}]}},"resource_changes":[{"address":"aws_db_instance.default","mode":"managed","type":"aws_db_instance","name":"default","provider_name":"registry.terraform.io/hashicorp/aws","change":{"actions":["create"],"before":null,"after":{"allocated_storage":10,"allow_major_version_upgrade":null,"auto_minor_version_upgrade":true,"copy_tags_to_snapshot":false,"customer_owned_ip_enabled":null,"delete_automated_backups":true,"deletion_protection":null,"domain":null,"domain_iam_role_name":null,"enabled_cloudwatch_logs_exports":null,"engine":"mysql","engine_version":"5.7","final_snapshot_identifier":null,"iam_database_authentication_enabled":null,"instance_class":"db.t3.micro","iops":null,"max_allocated_storage":null,"monitoring_interval":0,"name":"mydb","parameter_group_name":"default.mysql5.7","password":"foobarbaz","performance_insights_enabled":false,"publicly_accessible":false,"replicate_source_db":null,"restore_to_point_in_time":[],"s3_import":[],"security_group_names":null,"skip_final_snapshot":true,"storage_encrypted":null,"tags":null,"timeouts":null,"username":"foo"},"after_unknown":{"address":true,"apply_immediately":true,"arn":true,"availability_zone":true,"backup_retention_period":true,"backup_window":true,"ca_cert_identifier":true,"character_set_name":true,"db_subnet_group_name":true,"endpoint":true,"engine_version_actual":true,"hosted_zone_id":true,"id":true,"identifier":true,"identifier_prefix":true,"kms_key_id":true,"latest_restorable_time":true,"license_model":true,"maintenance_window":true,"monitoring_role_arn":true,"multi_az":true,"nchar_character_set_name":true,"option_group_name":true,"performance_insights_kms_key_id":true,"performance_insights_retention_period":true,"port":true,"replicas":true,"resource_id":true,"restore_to_point_in_time":[],"s3_import":[],"snapshot_identifier":true,"status":true,"storage_type":true,"tags_all":true,"timezone":true,"vpc_security_group_ids":true},"before_sensitive":false,"after_sensitive":{"password":true,"replicas":[],"restore_to_point_in_time":[],"s3_import":[],"tags_all":{},"vpc_security_group_ids":[]}}},{"address":"module.ec2_with_t2.aws_instance.this[0]","module_address":"module.ec2_with_t2","mode":"managed","type":"aws_instance","name":"this","index":0,"provider_name":"registry.terraform.io/hashicorp/aws","change":{"actions":["no-op"],"before":{"ami":"ami-0c2b8ca1dad447f8a","arn":"arn:aws:ec2:us-east-1:863485925838:instance/i-0aca2406abc0f08fa","associate_public_ip_address":false,"availability_zone":"us-east-1e","capacity_reservation_specification":[{"capacity_reservation_preference":"open","capacity_reservation_target":[]}],"cpu_core_count":1,"cpu_threads_per_core":2,"credit_specification":[{"cpu_credits":"standard"}],"disable_api_termination":false,"ebs_block_device":[],"ebs_optimized":false,"enclave_options":[{"enabled":false}],"ephemeral_block_device":[],"get_password_data":false,"hibernation":false,"host_id":null,"iam_instance_profile":"","id":"i-0aca2406abc0f08fa","instance_initiated_shutdown_behavior":"stop","instance_state":"stopped","instance_type":"t3.micro","ipv6_address_count":0,"ipv6_addresses":[],"key_name":"mafkey","launch_template":[],"metadata_options":[{"http_endpoint":"enabled","http_put_response_hop_limit":1,"http_tokens":"required"}],"monitoring":false,"network_interface":[],"outpost_arn":"","password_data":"","placement_group":"","primary_network_interface_id":"eni-0086eaa189796a6e8","private_dns":"ip-172-31-59-50.ec2.internal","private_ip":"172.31.59.50","public_dns":"","public_ip":"","root_block_device":[{"delete_on_termination":true,"device_name":"/dev/xvda","encrypted":false,"iops":100,"kms_key_id":"","tags":{},"throughput":0,"volume_id":"vol-02a4c4c1e48aa41d7","volume_size":8,"volume_type":"gp2"}],"secondary_private_ips":[],"security_groups":["example-20210829071813514200000001"],"source_dest_check":true,"subnet_id":"subnet-055257464fff12e37","tags":{"BU":"IT","ENV":"dev","Name":"maf-instance-t2"},"tags_all":{"BU":"IT","ENV":"dev","Name":"maf-instance-t2"},"tenancy":"default","timeouts":{"create":null,"delete":null,"update":null},"user_data":null,"user_data_base64":null,"volume_tags":{"Name":"maf-instance-t2"},"vpc_security_group_ids":["sg-0386b917615b8e052"]},"after":{"ami":"ami-0c2b8ca1dad447f8a","arn":"arn:aws:ec2:us-east-1:863485925838:instance/i-0aca2406abc0f08fa","associate_public_ip_address":false,"availability_zone":"us-east-1e","capacity_reservation_specification":[{"capacity_reservation_preference":"open","capacity_reservation_target":[]}],"cpu_core_count":1,"cpu_threads_per_core":2,"credit_specification":[{"cpu_credits":"standard"}],"disable_api_termination":false,"ebs_block_device":[],"ebs_optimized":false,"enclave_options":[{"enabled":false}],"ephemeral_block_device":[],"get_password_data":false,"hibernation":false,"host_id":null,"iam_instance_profile":"","id":"i-0aca2406abc0f08fa","instance_initiated_shutdown_behavior":"stop","instance_state":"stopped","instance_type":"t3.micro","ipv6_address_count":0,"ipv6_addresses":[],"key_name":"mafkey","launch_template":[],"metadata_options":[{"http_endpoint":"enabled","http_put_response_hop_limit":1,"http_tokens":"required"}],"monitoring":false,"network_interface":[],"outpost_arn":"","password_data":"","placement_group":"","primary_network_interface_id":"eni-0086eaa189796a6e8","private_dns":"ip-172-31-59-50.ec2.internal","private_ip":"172.31.59.50","public_dns":"","public_ip":"","root_block_device":[{"delete_on_termination":true,"device_name":"/dev/xvda","encrypted":false,"iops":100,"kms_key_id":"","tags":{},"throughput":0,"volume_id":"vol-02a4c4c1e48aa41d7","volume_size":8,"volume_type":"gp2"}],"secondary_private_ips":[],"security_groups":["example-20210829071813514200000001"],"source_dest_check":true,"subnet_id":"subnet-055257464fff12e37","tags":{"BU":"IT","ENV":"dev","Name":"maf-instance-t2"},"tags_all":{"BU":"IT","ENV":"dev","Name":"maf-instance-t2"},"tenancy":"default","timeouts":{"create":null,"delete":null,"update":null},"user_data":null,"user_data_base64":null,"volume_tags":{"Name":"maf-instance-t2"},"vpc_security_group_ids":["sg-0386b917615b8e052"]},"after_unknown":{},"before_sensitive":{"capacity_reservation_specification":[{"capacity_reservation_target":[]}],"credit_specification":[{}],"ebs_block_device":[],"enclave_options":[{}],"ephemeral_block_device":[],"ipv6_addresses":[],"launch_template":[],"metadata_options":[{}],"network_interface":[],"root_block_device":[{"tags":{}}],"secondary_private_ips":[],"security_groups":[false],"tags":{},"tags_all":{},"timeouts":{},"volume_tags":{},"vpc_security_group_ids":[false]},"after_sensitive":{"capacity_reservation_specification":[{"capacity_reservation_target":[]}],"credit_specification":[{}],"ebs_block_device":[],"enclave_options":[{}],"ephemeral_block_device":[],"ipv6_addresses":[],"launch_template":[],"metadata_options":[{}],"network_interface":[],"root_block_device":[{"tags":{}}],"secondary_private_ips":[],"security_groups":[false],"tags":{},"tags_all":{},"timeouts":{},"volume_tags":{},"vpc_security_group_ids":[false]}}},{"address":"module.s3_bucket.aws_s3_bucket.this[0]","module_address":"module.s3_bucket","mode":"managed","type":"aws_s3_bucket","name":"this","index":0,"provider_name":"registry.terraform.io/hashicorp/aws","change":{"actions":["no-op"],"before":{"acceleration_status":"","acl":"private","arn":"arn:aws:s3:::my-s3-bucketmafterraformpoc","bucket":"my-s3-bucketmafterraformpoc","bucket_domain_name":"my-s3-bucketmafterraformpoc.s3.amazonaws.com","bucket_prefix":null,"bucket_regional_domain_name":"my-s3-bucketmafterraformpoc.s3.amazonaws.com","cors_rule":[],"force_destroy":false,"grant":[],"hosted_zone_id":"Z3AQBSTGFYJSTF","id":"my-s3-bucketmafterraformpoc","lifecycle_rule":[],"logging":[{"target_bucket":"bucket-logging-maf-us-east","target_prefix":""}],"object_lock_configuration":[],"policy":null,"region":"us-east-1","replication_configuration":[],"request_payer":"BucketOwner","server_side_encryption_configuration":[{"rule":[{"apply_server_side_encryption_by_default":[{"kms_master_key_id":"","sse_algorithm":"AES256"}],"bucket_key_enabled":false}]}],"tags":{},"tags_all":{},"versioning":[{"enabled":true,"mfa_delete":false}],"website":[],"website_domain":null,"website_endpoint":null},"after":{"acceleration_status":"","acl":"private","arn":"arn:aws:s3:::my-s3-bucketmafterraformpoc","bucket":"my-s3-bucketmafterraformpoc","bucket_domain_name":"my-s3-bucketmafterraformpoc.s3.amazonaws.com","bucket_prefix":null,"bucket_regional_domain_name":"my-s3-bucketmafterraformpoc.s3.amazonaws.com","cors_rule":[],"force_destroy":false,"grant":[],"hosted_zone_id":"Z3AQBSTGFYJSTF","id":"my-s3-bucketmafterraformpoc","lifecycle_rule":[],"logging":[{"target_bucket":"bucket-logging-maf-us-east","target_prefix":""}],"object_lock_configuration":[],"policy":null,"region":"us-east-1","replication_configuration":[],"request_payer":"BucketOwner","server_side_encryption_configuration":[{"rule":[{"apply_server_side_encryption_by_default":[{"kms_master_key_id":"","sse_algorithm":"AES256"}],"bucket_key_enabled":false}]}],"tags":{},"tags_all":{},"versioning":[{"enabled":true,"mfa_delete":false}],"website":[],"website_domain":null,"website_endpoint":null},"after_unknown":{},"before_sensitive":{"cors_rule":[],"grant":[],"lifecycle_rule":[],"logging":[{}],"object_lock_configuration":[],"replication_configuration":[],"server_side_encryption_configuration":[{"rule":[{"apply_server_side_encryption_by_default":[{}]}]}],"tags":{},"tags_all":{},"versioning":[{}],"website":[]},"after_sensitive":{"cors_rule":[],"grant":[],"lifecycle_rule":[],"logging":[{}],"object_lock_configuration":[],"replication_configuration":[],"server_side_encryption_configuration":[{"rule":[{"apply_server_side_encryption_by_default":[{}]}]}],"tags":{},"tags_all":{},"versioning":[{}],"website":[]}}},{"address":"module.s3_bucket.aws_s3_bucket_public_access_block.this[0]","module_address":"module.s3_bucket","mode":"managed","type":"aws_s3_bucket_public_access_block","name":"this","index":0,"provider_name":"registry.terraform.io/hashicorp/aws","change":{"actions":["no-op"],"before":{"block_public_acls":true,"block_public_policy":true,"bucket":"my-s3-bucketmafterraformpoc","id":"my-s3-bucketmafterraformpoc","ignore_public_acls":true,"restrict_public_buckets":true},"after":{"block_public_acls":true,"block_public_policy":true,"bucket":"my-s3-bucketmafterraformpoc","id":"my-s3-bucketmafterraformpoc","ignore_public_acls":true,"restrict_public_buckets":true},"after_unknown":{},"before_sensitive":{},"after_sensitive":{}}},{"address":"module.security_group.aws_security_group.this_name_prefix[0]","module_address":"module.security_group","mode":"managed","type":"aws_security_group","name":"this_name_prefix","index":0,"provider_name":"registry.terraform.io/hashicorp/aws","change":{"actions":["no-op"],"before":{"arn":"arn:aws:ec2:us-east-1:863485925838:security-group/sg-0386b917615b8e052","description":"Security group for example usage with EC2 instance","egress":[],"id":"sg-0386b917615b8e052","ingress":[{"cidr_blocks":["197.48.189.127/32"],"description":"SSH","from_port":22,"ipv6_cidr_blocks":[],"prefix_list_ids":[],"protocol":"tcp","security_groups":[],"self":false,"to_port":22}],"name":"example-20210829071813514200000001","name_prefix":"example-","owner_id":"863485925838","revoke_rules_on_delete":false,"tags":{"Name":"example"},"tags_all":{"Name":"example"},"timeouts":null,"vpc_id":"vpc-0d845d67c88b01ccd"},"after":{"arn":"arn:aws:ec2:us-east-1:863485925838:security-group/sg-0386b917615b8e052","description":"Security group for example usage with EC2 instance","egress":[],"id":"sg-0386b917615b8e052","ingress":[{"cidr_blocks":["197.48.189.127/32"],"description":"SSH","from_port":22,"ipv6_cidr_blocks":[],"prefix_list_ids":[],"protocol":"tcp","security_groups":[],"self":false,"to_port":22}],"name":"example-20210829071813514200000001","name_prefix":"example-","owner_id":"863485925838","revoke_rules_on_delete":false,"tags":{"Name":"example"},"tags_all":{"Name":"example"},"timeouts":null,"vpc_id":"vpc-0d845d67c88b01ccd"},"after_unknown":{},"before_sensitive":{"egress":[],"ingress":[{"cidr_blocks":[false],"ipv6_cidr_blocks":[],"prefix_list_ids":[],"security_groups":[]}],"tags":{},"tags_all":{}},"after_sensitive":{"egress":[],"ingress":[{"cidr_blocks":[false],"ipv6_cidr_blocks":[],"prefix_list_ids":[],"security_groups":[]}],"tags":{},"tags_all":{}}}},{"address":"module.security_group.aws_security_group_rule.ingress_rules[0]","module_address":"module.security_group","mode":"managed","type":"aws_security_group_rule","name":"ingress_rules","index":0,"provider_name":"registry.terraform.io/hashicorp/aws","change":{"actions":["no-op"],"before":{"cidr_blocks":["197.48.189.127/32"],"description":"SSH","from_port":22,"id":"sgrule-512393368","ipv6_cidr_blocks":[],"prefix_list_ids":[],"protocol":"tcp","security_group_id":"sg-0386b917615b8e052","self":false,"source_security_group_id":null,"to_port":22,"type":"ingress"},"after":{"cidr_blocks":["197.48.189.127/32"],"description":"SSH","from_port":22,"id":"sgrule-512393368","ipv6_cidr_blocks":[],"prefix_list_ids":[],"protocol":"tcp","security_group_id":"sg-0386b917615b8e052","self":false,"source_security_group_id":null,"to_port":22,"type":"ingress"},"after_unknown":{},"before_sensitive":{"cidr_blocks":[false],"ipv6_cidr_blocks":[],"prefix_list_ids":[]},"after_sensitive":{"cidr_blocks":[false],"ipv6_cidr_blocks":[],"prefix_list_ids":[]}}}],"prior_state":{"format_version":"0.2","terraform_version":"1.0.4","values":{"root_module":{"resources":[{"address":"data.aws_ami.amazon_linux","mode":"data","type":"aws_ami","name":"amazon_linux","provider_name":"registry.terraform.io/hashicorp/aws","schema_version":0,"values":{"architecture":"x86_64","arn":"arn:aws:ec2:us-east-1::image/ami-03e8f862f1241c4ed","block_device_mappings":[{"device_name":"/dev/xvda","ebs":{"delete_on_termination":"true","encrypted":"false","iops":"0","snapshot_id":"snap-023c3e5a00f2024df","throughput":"0","volume_size":"8","volume_type":"gp2"},"no_device":"","virtual_name":""}],"creation_date":"2021-07-22T22:55:54.000Z","description":"Amazon Linux AMI 2018.03.0.20210721.0 x86_64 HVM gp2","ena_support":true,"executable_users":null,"filter":[{"name":"name","values":["amzn-ami-hvm-*-x86_64-gp2"]},{"name":"owner-alias","values":["amazon"]}],"hypervisor":"xen","id":"ami-03e8f862f1241c4ed","image_id":"ami-03e8f862f1241c4ed","image_location":"amazon/amzn-ami-hvm-2018.03.0.20210721.0-x86_64-gp2","image_owner_alias":"amazon","image_type":"machine","kernel_id":null,"most_recent":true,"name":"amzn-ami-hvm-2018.03.0.20210721.0-x86_64-gp2","name_regex":null,"owner_id":"137112412989","owners":["amazon"],"platform":null,"platform_details":"Linux/UNIX","product_codes":[],"public":true,"ramdisk_id":null,"root_device_name":"/dev/xvda","root_device_type":"ebs","root_snapshot_id":"snap-023c3e5a00f2024df","sriov_net_support":"simple","state":"available","state_reason":{"code":"UNSET","message":"UNSET"},"tags":{},"usage_operation":"RunInstances","virtualization_type":"hvm"},"sensitive_values":{"block_device_mappings":[{"ebs":{}}],"filter":[{"values":[false]},{"values":[false]}],"owners":[false],"product_codes":[],"state_reason":{},"tags":{}}},{"address":"data.aws_subnet_ids.all","mode":"data","type":"aws_subnet_ids","name":"all","provider_name":"registry.terraform.io/hashicorp/aws","schema_version":0,"values":{"filter":null,"id":"vpc-0d845d67c88b01ccd","ids":["subnet-055257464fff12e37","subnet-06086db6b9609fb72","subnet-0713ac7ffff89dbf5","subnet-0846c282bbe0eb39a","subnet-0a7b0f9f6a9c4fdf5","subnet-0e2d68b661edc530c"],"tags":null,"vpc_id":"vpc-0d845d67c88b01ccd"},"sensitive_values":{"ids":[false,false,false,false,false,false]}},{"address":"data.aws_vpc.default","mode":"data","type":"aws_vpc","name":"default","provider_name":"registry.terraform.io/hashicorp/aws","schema_version":0,"values":{"arn":"arn:aws:ec2:us-east-1:863485925838:vpc/vpc-0d845d67c88b01ccd","cidr_block":"172.31.0.0/16","cidr_block_associations":[{"association_id":"vpc-cidr-assoc-038fe7073a225fa18","cidr_block":"172.31.0.0/16","state":"associated"}],"default":true,"dhcp_options_id":"dopt-8dcb1af7","enable_dns_hostnames":true,"enable_dns_support":true,"filter":null,"id":"vpc-0d845d67c88b01ccd","instance_tenancy":"default","ipv6_association_id":null,"ipv6_cidr_block":null,"main_route_table_id":"rtb-0e5e536ef6e84ceca","owner_id":"863485925838","state":"available","tags":{}},"sensitive_values":{"cidr_block_associations":[{}],"tags":{}}}],"child_modules":[{"resources":[{"address":"module.ec2_with_t2.aws_instance.this[0]","mode":"managed","type":"aws_instance","name":"this","index":0,"provider_name":"registry.terraform.io/hashicorp/aws","schema_version":1,"values":{"ami":"ami-0c2b8ca1dad447f8a","arn":"arn:aws:ec2:us-east-1:863485925838:instance/i-0aca2406abc0f08fa","associate_public_ip_address":false,"availability_zone":"us-east-1e","capacity_reservation_specification":[{"capacity_reservation_preference":"open","capacity_reservation_target":[]}],"cpu_core_count":1,"cpu_threads_per_core":2,"credit_specification":[{"cpu_credits":"standard"}],"disable_api_termination":false,"ebs_block_device":[],"ebs_optimized":false,"enclave_options":[{"enabled":false}],"ephemeral_block_device":[],"get_password_data":false,"hibernation":false,"host_id":null,"iam_instance_profile":"","id":"i-0aca2406abc0f08fa","instance_initiated_shutdown_behavior":"stop","instance_state":"stopped","instance_type":"t3.micro","ipv6_address_count":0,"ipv6_addresses":[],"key_name":"mafkey","launch_template":[],"metadata_options":[{"http_endpoint":"enabled","http_put_response_hop_limit":1,"http_tokens":"required"}],"monitoring":false,"network_interface":[],"outpost_arn":"","password_data":"","placement_group":"","primary_network_interface_id":"eni-0086eaa189796a6e8","private_dns":"ip-172-31-59-50.ec2.internal","private_ip":"172.31.59.50","public_dns":"","public_ip":"","root_block_device":[{"delete_on_termination":true,"device_name":"/dev/xvda","encrypted":false,"iops":100,"kms_key_id":"","tags":{},"throughput":0,"volume_id":"vol-02a4c4c1e48aa41d7","volume_size":8,"volume_type":"gp2"}],"secondary_private_ips":[],"security_groups":["example-20210829071813514200000001"],"source_dest_check":true,"subnet_id":"subnet-055257464fff12e37","tags":{"BU":"IT","ENV":"dev","Name":"maf-instance-t2"},"tags_all":{"BU":"IT","ENV":"dev","Name":"maf-instance-t2"},"tenancy":"default","timeouts":{"create":null,"delete":null,"update":null},"user_data":null,"user_data_base64":null,"volume_tags":{"Name":"maf-instance-t2"},"vpc_security_group_ids":["sg-0386b917615b8e052"]},"sensitive_values":{"capacity_reservation_specification":[{"capacity_reservation_target":[]}],"credit_specification":[{}],"ebs_block_device":[],"enclave_options":[{}],"ephemeral_block_device":[],"ipv6_addresses":[],"launch_template":[],"metadata_options":[{}],"network_interface":[],"root_block_device":[{"tags":{}}],"secondary_private_ips":[],"security_groups":[false],"tags":{},"tags_all":{},"timeouts":{},"volume_tags":{},"vpc_security_group_ids":[false]},"depends_on":["data.aws_vpc.default","module.security_group.aws_security_group.this","module.security_group.aws_security_group.this_name_prefix","data.aws_subnet_ids.all"]}],"address":"module.ec2_with_t2"},{"resources":[{"address":"module.s3_bucket.aws_s3_bucket.this[0]","mode":"managed","type":"aws_s3_bucket","name":"this","index":0,"provider_name":"registry.terraform.io/hashicorp/aws","schema_version":0,"values":{"acceleration_status":"","acl":"private","arn":"arn:aws:s3:::my-s3-bucketmafterraformpoc","bucket":"my-s3-bucketmafterraformpoc","bucket_domain_name":"my-s3-bucketmafterraformpoc.s3.amazonaws.com","bucket_prefix":null,"bucket_regional_domain_name":"my-s3-bucketmafterraformpoc.s3.amazonaws.com","cors_rule":[],"force_destroy":false,"grant":[],"hosted_zone_id":"Z3AQBSTGFYJSTF","id":"my-s3-bucketmafterraformpoc","lifecycle_rule":[],"logging":[{"target_bucket":"bucket-logging-maf-us-east","target_prefix":""}],"object_lock_configuration":[],"policy":null,"region":"us-east-1","replication_configuration":[],"request_payer":"BucketOwner","server_side_encryption_configuration":[{"rule":[{"apply_server_side_encryption_by_default":[{"kms_master_key_id":"","sse_algorithm":"AES256"}],"bucket_key_enabled":false}]}],"tags":{},"tags_all":{},"versioning":[{"enabled":true,"mfa_delete":false}],"website":[],"website_domain":null,"website_endpoint":null},"sensitive_values":{"cors_rule":[],"grant":[],"lifecycle_rule":[],"logging":[{}],"object_lock_configuration":[],"replication_configuration":[],"server_side_encryption_configuration":[{"rule":[{"apply_server_side_encryption_by_default":[{}]}]}],"tags":{},"tags_all":{},"versioning":[{}],"website":[]}},{"address":"module.s3_bucket.aws_s3_bucket_public_access_block.this[0]","mode":"managed","type":"aws_s3_bucket_public_access_block","name":"this","index":0,"provider_name":"registry.terraform.io/hashicorp/aws","schema_version":0,"values":{"block_public_acls":true,"block_public_policy":true,"bucket":"my-s3-bucketmafterraformpoc","id":"my-s3-bucketmafterraformpoc","ignore_public_acls":true,"restrict_public_buckets":true},"sensitive_values":{},"depends_on":["module.s3_bucket.data.aws_iam_policy_document.elb_log_delivery","module.s3_bucket.data.aws_iam_policy_document.lb_log_delivery","module.s3_bucket.aws_s3_bucket.this","module.s3_bucket.aws_s3_bucket_policy.this","module.s3_bucket.data.aws_elb_service_account.this","module.s3_bucket.data.aws_iam_policy_document.combined","module.s3_bucket.data.aws_iam_policy_document.deny_insecure_transport"]}],"address":"module.s3_bucket"},{"resources":[{"address":"module.security_group.aws_security_group.this_name_prefix[0]","mode":"managed","type":"aws_security_group","name":"this_name_prefix","index":0,"provider_name":"registry.terraform.io/hashicorp/aws","schema_version":1,"values":{"arn":"arn:aws:ec2:us-east-1:863485925838:security-group/sg-0386b917615b8e052","description":"Security group for example usage with EC2 instance","egress":[],"id":"sg-0386b917615b8e052","ingress":[{"cidr_blocks":["197.48.189.127/32"],"description":"SSH","from_port":22,"ipv6_cidr_blocks":[],"prefix_list_ids":[],"protocol":"tcp","security_groups":[],"self":false,"to_port":22}],"name":"example-20210829071813514200000001","name_prefix":"example-","owner_id":"863485925838","revoke_rules_on_delete":false,"tags":{"Name":"example"},"tags_all":{"Name":"example"},"timeouts":null,"vpc_id":"vpc-0d845d67c88b01ccd"},"sensitive_values":{"egress":[],"ingress":[{"cidr_blocks":[false],"ipv6_cidr_blocks":[],"prefix_list_ids":[],"security_groups":[]}],"tags":{},"tags_all":{}},"depends_on":["data.aws_vpc.default"]},{"address":"module.security_group.aws_security_group_rule.ingress_rules[0]","mode":"managed","type":"aws_security_group_rule","name":"ingress_rules","index":0,"provider_name":"registry.terraform.io/hashicorp/aws","schema_version":2,"values":{"cidr_blocks":["197.48.189.127/32"],"description":"SSH","from_port":22,"id":"sgrule-512393368","ipv6_cidr_blocks":[],"prefix_list_ids":[],"protocol":"tcp","security_group_id":"sg-0386b917615b8e052","self":false,"source_security_group_id":null,"to_port":22,"type":"ingress"},"sensitive_values":{"cidr_blocks":[false],"ipv6_cidr_blocks":[],"prefix_list_ids":[]},"depends_on":["data.aws_vpc.default","module.security_group.aws_security_group.this","module.security_group.aws_security_group.this_name_prefix"]}],"address":"module.security_group"}]}}},"configuration":{"provider_config":{"aws":{"name":"aws","version_constraint":"\u003e= 3.36.0","expressions":{"region":{"constant_value":"us-east-1"}}},"module.ec2_with_t2:aws":{"name":"aws","version_constraint":"\u003e= 3.24.0","module_address":"module.ec2_with_t2"},"module.s3_bucket:aws":{"name":"aws","version_constraint":"\u003e= 3.36.0","module_address":"module.s3_bucket"},"module.security_group:aws":{"name":"aws","version_constraint":"\u003e= 2.42.0","module_address":"module.security_group"}},"root_module":{"resources":[{"address":"aws_db_instance.default","mode":"managed","type":"aws_db_instance","name":"default","provider_config_key":"aws","expressions":{"allocated_storage":{"constant_value":10},"engine":{"constant_value":"mysql"},"engine_version":{"constant_value":"5.7"},"instance_class":{"constant_value":"db.t3.micro"},"name":{"constant_value":"mydb"},"parameter_group_name":{"constant_value":"default.mysql5.7"},"password":{"constant_value":"foobarbaz"},"skip_final_snapshot":{"constant_value":true},"username":{"constant_value":"foo"}},"schema_version":1},{"address":"data.aws_ami.amazon_linux","mode":"data","type":"aws_ami","name":"amazon_linux","provider_config_key":"aws","expressions":{"filter":[{"name":{"constant_value":"name"},"values":{"constant_value":["amzn-ami-hvm-*-x86_64-gp2"]}},{"name":{"constant_value":"owner-alias"},"values":{"constant_value":["amazon"]}}],"most_recent":{"constant_value":true},"owners":{"constant_value":["amazon"]}},"schema_version":0},{"address":"data.aws_subnet_ids.all","mode":"data","type":"aws_subnet_ids","name":"all","provider_config_key":"aws","expressions":{"vpc_id":{"references":["data.aws_vpc.default.id","data.aws_vpc.default"]}},"schema_version":0},{"address":"data.aws_vpc.default","mode":"data","type":"aws_vpc","name":"default","provider_config_key":"aws","expressions":{"default":{"constant_value":true}},"schema_version":0}],"module_calls":{"ec2_with_t2":{"source":"terraform-aws-modules/ec2-instance/aws","expressions":{"ami":{"constant_value":"ami-0c2b8ca1dad447f8a"},"instance_type":{"constant_value":"t3.micro"},"key_name":{"constant_value":"mafkey"},"metadata_options":{"constant_value":{"http_tokens":"required"}},"name":{"constant_value":"maf-instance-t2"},"subnet_id":{"references":["data.aws_subnet_ids.all.ids","data.aws_subnet_ids.all"]},"tags":{"constant_value":{"BU":"IT","ENV":"dev"}},"vpc_security_group_ids":{"references":["module.security_group.security_group_id","module.security_group"]}},"module":{"outputs":{"arn":{"expression":{"references":["aws_instance.this"]},"description":"List of ARNs of instances"},"availability_zone":{"expression":{"references":["aws_instance.this"]},"description":"List of availability zones of instances"},"credit_specification":{"expression":{"references":["aws_instance.this"]},"description":"List of credit specification of instances"},"ebs_block_device_volume_ids":{"expression":{"references":["aws_instance.this"]},"description":"List of volume IDs of EBS block devices of instances"},"id":{"expression":{"references":["aws_instance.this"]},"description":"List of IDs of instances"},"instance_count":{"expression":{"references":["var.instance_count"]},"description":"Number of instances to launch specified as argument to this module"},"instance_state":{"expression":{"references":["aws_instance.this"]},"description":"List of instance states of instances"},"ipv6_addresses":{"expression":{"references":["aws_instance.this"]},"description":"List of assigned IPv6 addresses of instances"},"key_name":{"expression":{"references":["aws_instance.this"]},"description":"List of key names of instances"},"metadata_options":{"expression":{"references":["aws_instance.this"]},"description":"List of metadata options of instances"},"password_data":{"expression":{"references":["aws_instance.this"]},"description":"List of Base-64 encoded encrypted password data for the instance"},"placement_group":{"expression":{"references":["aws_instance.this"]},"description":"List of placement groups of instances"},"primary_network_interface_id":{"expression":{"references":["aws_instance.this"]},"description":"List of IDs of the primary network interface of instances"},"private_dns":{"expression":{"references":["aws_instance.this"]},"description":"List of private DNS names assigned to the instances. Can only be used inside the Amazon EC2, and only available if you've enabled DNS hostnames for your VPC"},"private_ip":{"expression":{"references":["aws_instance.this"]},"description":"List of private IP addresses assigned to the instances"},"public_dns":{"expression":{"references":["aws_instance.this"]},"description":"List of public DNS names assigned to the instances. For EC2-VPC, this is only available if you've enabled DNS hostnames for your VPC"},"public_ip":{"expression":{"references":["aws_instance.this"]},"description":"List of public IP addresses assigned to the instances, if applicable"},"root_block_device_volume_ids":{"expression":{"references":["aws_instance.this"]},"description":"List of volume IDs of root block devices of instances"},"security_groups":{"expression":{"references":["aws_instance.this"]},"description":"List of associated security groups of instances"},"subnet_id":{"expression":{"references":["aws_instance.this"]},"description":"List of IDs of VPC subnets of instances"},"tags":{"expression":{"references":["aws_instance.this"]},"description":"List of tags of instances"},"volume_tags":{"expression":{"references":["aws_instance.this"]},"description":"List of tags of volumes of instances"},"vpc_security_group_ids":{"expression":{"references":["aws_instance.this"]},"description":"List of associated security groups of instances, if running in non-default VPC"}},"resources":[{"address":"aws_instance.this","mode":"managed","type":"aws_instance","name":"this","provider_config_key":"ec2_with_t2:aws","expressions":{"ami":{"references":["var.ami"]},"associate_public_ip_address":{"references":["var.associate_public_ip_address"]},"credit_specification":[{"cpu_credits":{"references":["local.is_t_instance_type","var.cpu_credits"]}}],"disable_api_termination":{"references":["var.disable_api_termination"]},"ebs_optimized":{"references":["var.ebs_optimized"]},"get_password_data":{"references":["var.get_password_data"]},"iam_instance_profile":{"references":["var.iam_instance_profile"]},"instance_initiated_shutdown_behavior":{"references":["var.instance_initiated_shutdown_behavior"]},"instance_type":{"references":["var.instance_type"]},"ipv6_address_count":{"references":["var.ipv6_address_count"]},"ipv6_addresses":{"references":["var.ipv6_addresses"]},"key_name":{"references":["var.key_name"]},"monitoring":{"references":["var.monitoring"]},"placement_group":{"references":["var.placement_group"]},"private_ip":{"references":["var.private_ips","var.private_ips","count.index","var.private_ip"]},"source_dest_check":{"references":["var.network_interface","var.source_dest_check"]},"subnet_id":{"references":["var.network_interface","var.subnet_id","var.subnet_ids","count.index"]},"tags":{"references":["var.instance_count","var.use_num_suffix","var.num_suffix_format","var.name","count.index","var.name","var.tags"]},"tenancy":{"references":["var.tenancy"]},"user_data":{"references":["var.user_data"]},"user_data_base64":{"references":["var.user_data_base64"]},"volume_tags":{"references":["var.enable_volume_tags","var.instance_count","var.use_num_suffix","var.num_suffix_format","var.name","count.index","var.name","var.volume_tags"]},"vpc_security_group_ids":{"references":["var.vpc_security_group_ids"]}},"schema_version":1,"count_expression":{"references":["var.instance_count"]}}],"variables":{"ami":{"description":"ID of AMI to use for the instance"},"associate_public_ip_address":{"default":null,"description":"If true, the EC2 instance will have associated public IP address"},"cpu_credits":{"default":"standard","description":"The credit option for CPU usage (unlimited or standard)"},"disable_api_termination":{"default":false,"description":"If true, enables EC2 Instance Termination Protection"},"ebs_block_device":{"default":[],"description":"Additional EBS block devices to attach to the instance"},"ebs_optimized":{"default":false,"description":"If true, the launched EC2 instance will be EBS-optimized"},"enable_volume_tags":{"default":true,"description":"Whether to enable volume tags (if enabled it conflicts with root_block_device tags)"},"ephemeral_block_device":{"default":[],"description":"Customize Ephemeral (also known as Instance Store) volumes on the instance"},"get_password_data":{"default":false,"description":"If true, wait for password data to become available and retrieve it."},"iam_instance_profile":{"default":"","description":"The IAM Instance Profile to launch the instance with. Specified as the name of the Instance Profile."},"instance_count":{"default":1,"description":"Number of instances to launch"},"instance_initiated_shutdown_behavior":{"default":"","description":"Shutdown behavior for the instance"},"instance_type":{"description":"The type of instance to start"},"ipv6_address_count":{"default":null,"description":"A number of IPv6 addresses to associate with the primary network interface. Amazon EC2 chooses the IPv6 addresses from the range of your subnet."},"ipv6_addresses":{"default":null,"description":"Specify one or more IPv6 addresses from the range of the subnet to associate with the primary network interface"},"key_name":{"default":"","description":"The key name to use for the instance"},"metadata_options":{"default":{},"description":"Customize the metadata options of the instance"},"monitoring":{"default":false,"description":"If true, the launched EC2 instance will have detailed monitoring enabled"},"name":{"description":"Name to be used on all resources as prefix"},"network_interface":{"default":[],"description":"Customize network interfaces to be attached at instance boot time"},"num_suffix_format":{"default":"-%d","description":"Numerical suffix format used as the volume and EC2 instance name suffix"},"placement_group":{"default":"","description":"The Placement Group to start the instance in"},"private_ip":{"default":null,"description":"Private IP address to associate with the instance in a VPC"},"private_ips":{"default":[],"description":"A list of private IP address to associate with the instance in a VPC. Should match the number of instances."},"root_block_device":{"default":[],"description":"Customize details about the root block device of the instance. See Block Devices below for details"},"source_dest_check":{"default":true,"description":"Controls if traffic is routed to the instance when the destination address does not match the instance. Used for NAT or VPNs."},"subnet_id":{"default":"","description":"The VPC Subnet ID to launch in"},"subnet_ids":{"default":[],"description":"A list of VPC Subnet IDs to launch in"},"tags":{"default":{},"description":"A mapping of tags to assign to the resource"},"tenancy":{"default":"default","description":"The tenancy of the instance (if the instance is running in a VPC). Available values: default, dedicated, host."},"use_num_suffix":{"default":false,"description":"Always append numerical suffix to instance name, even if instance_count is 1"},"user_data":{"default":null,"description":"The user data to provide when launching the instance. Do not pass gzip-compressed data via this argument; see user_data_base64 instead."},"user_data_base64":{"default":null,"description":"Can be used instead of user_data to pass base64-encoded binary data directly. Use this instead of user_data whenever the value is not a valid UTF-8 string. For example, gzip-encoded user data must be base64-encoded and passed via this argument to avoid corruption."},"volume_tags":{"default":{},"description":"A mapping of tags to assign to the devices created by the instance at launch time"},"vpc_security_group_ids":{"default":null,"description":"A list of security group IDs to associate with"}}}},"s3_bucket":{"source":"terraform-aws-modules/s3-bucket/aws","expressions":{"acl":{"constant_value":"private"},"block_public_acls":{"constant_value":true},"block_public_policy":{"constant_value":true},"bucket":{"constant_value":"my-s3-bucketmafterraformpoc"},"ignore_public_acls":{"constant_value":true},"logging":{"constant_value":{"target_bucket":"bucket-logging-maf-us-east"}},"restrict_public_buckets":{"constant_value":true},"server_side_encryption_configuration":{"constant_value":{"rule":{"apply_server_side_encryption_by_default":{"sse_algorithm":"AES256"}}}},"versioning":{"constant_value":{"enabled":true}}},"module":{"outputs":{"s3_bucket_arn":{"expression":{"references":["aws_s3_bucket.this"]},"description":"The ARN of the bucket. Will be of format arn:aws:s3:::bucketname."},"s3_bucket_bucket_domain_name":{"expression":{"references":["aws_s3_bucket.this"]},"description":"The bucket domain name. Will be of format bucketname.s3.amazonaws.com."},"s3_bucket_bucket_regional_domain_name":{"expression":{"references":["aws_s3_bucket.this"]},"description":"The bucket region-specific domain name. The bucket domain name including the region name, please refer here for format. Note: The AWS CloudFront allows specifying S3 region-specific endpoint when creating S3 origin, it will prevent redirect issues from CloudFront to S3 Origin URL."},"s3_bucket_hosted_zone_id":{"expression":{"references":["aws_s3_bucket.this"]},"description":"The Route 53 Hosted Zone ID for this bucket's region."},"s3_bucket_id":{"expression":{"references":["aws_s3_bucket_policy.this","aws_s3_bucket.this"]},"description":"The name of the bucket."},"s3_bucket_region":{"expression":{"references":["aws_s3_bucket.this"]},"description":"The AWS region this bucket resides in."},"s3_bucket_website_domain":{"expression":{"references":["aws_s3_bucket.this"]},"description":"The domain of the website endpoint, if the bucket is configured with a website. If not, this will be an empty string. This is used to create Route 53 alias records. "},"s3_bucket_website_endpoint":{"expression":{"references":["aws_s3_bucket.this"]},"description":"The website endpoint, if the bucket is configured with a website. If not, this will be an empty string."}},"resources":[{"address":"aws_s3_bucket.this","mode":"managed","type":"aws_s3_bucket","name":"this","provider_config_key":"s3_bucket:aws","expressions":{"acceleration_status":{"references":["var.acceleration_status"]},"acl":{"references":["var.acl","var.acl"]},"bucket":{"references":["var.bucket"]},"bucket_prefix":{"references":["var.bucket_prefix"]},"force_destroy":{"references":["var.force_destroy"]},"request_payer":{"references":["var.request_payer"]},"tags":{"references":["var.tags"]}},"schema_version":0,"count_expression":{"references":["var.create_bucket"]}},{"address":"aws_s3_bucket_policy.this","mode":"managed","type":"aws_s3_bucket_policy","name":"this","provider_config_key":"s3_bucket:aws","expressions":{"bucket":{"references":["aws_s3_bucket.this[0].id","aws_s3_bucket.this[0]","aws_s3_bucket.this"]},"policy":{"references":["data.aws_iam_policy_document.combined[0].json","data.aws_iam_policy_document.combined[0]","data.aws_iam_policy_document.combined"]}},"schema_version":0,"count_expression":{"references":["var.create_bucket","local.attach_policy"]}},{"address":"aws_s3_bucket_public_access_block.this","mode":"managed","type":"aws_s3_bucket_public_access_block","name":"this","provider_config_key":"s3_bucket:aws","expressions":{"block_public_acls":{"references":["var.block_public_acls"]},"block_public_policy":{"references":["var.block_public_policy"]},"bucket":{"references":["local.attach_policy","aws_s3_bucket_policy.this[0].id","aws_s3_bucket_policy.this[0]","aws_s3_bucket_policy.this","aws_s3_bucket.this[0].id","aws_s3_bucket.this[0]","aws_s3_bucket.this"]},"ignore_public_acls":{"references":["var.ignore_public_acls"]},"restrict_public_buckets":{"references":["var.restrict_public_buckets"]}},"schema_version":0,"count_expression":{"references":["var.create_bucket","var.attach_public_policy"]}},{"address":"data.aws_elb_service_account.this","mode":"data","type":"aws_elb_service_account","name":"this","provider_config_key":"s3_bucket:aws","schema_version":0,"count_expression":{"references":["var.create_bucket","var.attach_elb_log_delivery_policy"]}},{"address":"data.aws_iam_policy_document.combined","mode":"data","type":"aws_iam_policy_document","name":"combined","provider_config_key":"s3_bucket:aws","expressions":{"source_policy_documents":{"references":["var.attach_elb_log_delivery_policy","data.aws_iam_policy_document.elb_log_delivery[0].json","data.aws_iam_policy_document.elb_log_delivery[0]","data.aws_iam_policy_document.elb_log_delivery","var.attach_lb_log_delivery_policy","data.aws_iam_policy_document.lb_log_delivery[0].json","data.aws_iam_policy_document.lb_log_delivery[0]","data.aws_iam_policy_document.lb_log_delivery","var.attach_deny_insecure_transport_policy","data.aws_iam_policy_document.deny_insecure_transport[0].json","data.aws_iam_policy_document.deny_insecure_transport[0]","data.aws_iam_policy_document.deny_insecure_transport","var.attach_policy","var.policy"]}},"schema_version":0,"count_expression":{"references":["var.create_bucket","local.attach_policy"]}},{"address":"data.aws_iam_policy_document.deny_insecure_transport","mode":"data","type":"aws_iam_policy_document","name":"deny_insecure_transport","provider_config_key":"s3_bucket:aws","expressions":{"statement":[{"actions":{"constant_value":["s3:*"]},"condition":[{"test":{"constant_value":"Bool"},"values":{"constant_value":["false"]},"variable":{"constant_value":"aws:SecureTransport"}}],"effect":{"constant_value":"Deny"},"principals":[{"identifiers":{"constant_value":["*"]},"type":{"constant_value":"*"}}],"resources":{"references":["aws_s3_bucket.this[0].arn","aws_s3_bucket.this[0]","aws_s3_bucket.this","aws_s3_bucket.this[0].arn","aws_s3_bucket.this[0]","aws_s3_bucket.this"]},"sid":{"constant_value":"denyInsecureTransport"}}]},"schema_version":0,"count_expression":{"references":["var.create_bucket","var.attach_deny_insecure_transport_policy"]}},{"address":"data.aws_iam_policy_document.elb_log_delivery","mode":"data","type":"aws_iam_policy_document","name":"elb_log_delivery","provider_config_key":"s3_bucket:aws","expressions":{"statement":[{"actions":{"constant_value":["s3:PutObject"]},"effect":{"constant_value":"Allow"},"principals":[{"identifiers":{"references":["data.aws_elb_service_account.this"]},"type":{"constant_value":"AWS"}}],"resources":{"references":["aws_s3_bucket.this[0].arn","aws_s3_bucket.this[0]","aws_s3_bucket.this"]},"sid":{"constant_value":""}}]},"schema_version":0,"count_expression":{"references":["var.create_bucket","var.attach_elb_log_delivery_policy"]}},{"address":"data.aws_iam_policy_document.lb_log_delivery","mode":"data","type":"aws_iam_policy_document","name":"lb_log_delivery","provider_config_key":"s3_bucket:aws","expressions":{"statement":[{"actions":{"constant_value":["s3:PutObject"]},"condition":[{"test":{"constant_value":"StringEquals"},"values":{"constant_value":["bucket-owner-full-control"]},"variable":{"constant_value":"s3:x-amz-acl"}}],"effect":{"constant_value":"Allow"},"principals":[{"identifiers":{"constant_value":["delivery.logs.amazonaws.com"]},"type":{"constant_value":"Service"}}],"resources":{"references":["aws_s3_bucket.this[0].arn","aws_s3_bucket.this[0]","aws_s3_bucket.this"]},"sid":{"constant_value":"AWSLogDeliveryWrite"}},{"actions":{"constant_value":["s3:GetBucketAcl"]},"effect":{"constant_value":"Allow"},"principals":[{"identifiers":{"constant_value":["delivery.logs.amazonaws.com"]},"type":{"constant_value":"Service"}}],"resources":{"references":["aws_s3_bucket.this[0].arn","aws_s3_bucket.this[0]","aws_s3_bucket.this"]},"sid":{"constant_value":"AWSLogDeliveryAclCheck"}}]},"schema_version":0,"count_expression":{"references":["var.create_bucket","var.attach_lb_log_delivery_policy"]}}],"variables":{"acceleration_status":{"default":null,"description":"(Optional) Sets the accelerate configuration of an existing bucket. Can be Enabled or Suspended."},"acl":{"default":"private","description":"(Optional) The canned ACL to apply. Defaults to 'private'. Conflicts with `grant`"},"attach_deny_insecure_transport_policy":{"default":false,"description":"Controls if S3 bucket should have deny non-SSL transport policy attached"},"attach_elb_log_delivery_policy":{"default":false,"description":"Controls if S3 bucket should have ELB log delivery policy attached"},"attach_lb_log_delivery_policy":{"default":false,"description":"Controls if S3 bucket should have ALB/NLB log delivery policy attached"},"attach_policy":{"default":false,"description":"Controls if S3 bucket should have bucket policy attached (set to `true` to use value of `policy` as bucket policy)"},"attach_public_policy":{"default":true,"description":"Controls if a user defined public bucket policy will be attached (set to `false` to allow upstream to apply defaults to the bucket)"},"block_public_acls":{"default":false,"description":"Whether Amazon S3 should block public ACLs for this bucket."},"block_public_policy":{"default":false,"description":"Whether Amazon S3 should block public bucket policies for this bucket."},"bucket":{"default":null,"description":"(Optional, Forces new resource) The name of the bucket. If omitted, Terraform will assign a random, unique name."},"bucket_prefix":{"default":null,"description":"(Optional, Forces new resource) Creates a unique bucket name beginning with the specified prefix. Conflicts with bucket."},"cors_rule":{"default":[],"description":"List of maps containing rules for Cross-Origin Resource Sharing."},"create_bucket":{"default":true,"description":"Controls if S3 bucket should be created"},"force_destroy":{"default":false,"description":"(Optional, Default:false ) A boolean that indicates all objects should be deleted from the bucket so that the bucket can be destroyed without error. These objects are not recoverable."},"grant":{"default":[],"description":"An ACL policy grant. Conflicts with `acl`"},"ignore_public_acls":{"default":false,"description":"Whether Amazon S3 should ignore public ACLs for this bucket."},"lifecycle_rule":{"default":[],"description":"List of maps containing configuration of object lifecycle management."},"logging":{"default":{},"description":"Map containing access bucket logging configuration."},"object_lock_configuration":{"default":{},"description":"Map containing S3 object locking configuration."},"policy":{"default":null,"description":"(Optional) A valid bucket policy JSON document. Note that if the policy document is not specific enough (but still valid), Terraform may view the policy as constantly changing in a terraform plan. In this case, please make sure you use the verbose/specific version of the policy. For more information about building AWS IAM policy documents with Terraform, see the AWS IAM Policy Document Guide."},"replication_configuration":{"default":{},"description":"Map containing cross-region replication configuration."},"request_payer":{"default":null,"description":"(Optional) Specifies who should bear the cost of Amazon S3 data transfer. Can be either BucketOwner or Requester. By default, the owner of the S3 bucket would incur the costs of any data transfer. See Requester Pays Buckets developer guide for more information."},"restrict_public_buckets":{"default":false,"description":"Whether Amazon S3 should restrict public bucket policies for this bucket."},"server_side_encryption_configuration":{"default":{},"description":"Map containing server-side encryption configuration."},"tags":{"default":{},"description":"(Optional) A mapping of tags to assign to the bucket."},"versioning":{"default":{},"description":"Map containing versioning configuration."},"website":{"default":{},"description":"Map containing static web-site hosting or redirect configuration."}}}},"security_group":{"source":"terraform-aws-modules/security-group/aws","expressions":{"description":{"constant_value":"Security group for example usage with EC2 instance"},"ingress_cidr_blocks":{"constant_value":["197.48.189.127/32"]},"ingress_rules":{"constant_value":["ssh-tcp"]},"name":{"constant_value":"example"},"vpc_id":{"references":["data.aws_vpc.default.id","data.aws_vpc.default"]}},"module":{"outputs":{"security_group_description":{"expression":{"references":["aws_security_group.this","aws_security_group.this_name_prefix"]},"description":"The description of the security group"},"security_group_id":{"expression":{"references":["aws_security_group.this","aws_security_group.this_name_prefix"]},"description":"The ID of the security group"},"security_group_name":{"expression":{"references":["aws_security_group.this","aws_security_group.this_name_prefix"]},"description":"The name of the security group"},"security_group_owner_id":{"expression":{"references":["aws_security_group.this","aws_security_group.this_name_prefix"]},"description":"The owner ID"},"security_group_vpc_id":{"expression":{"references":["aws_security_group.this","aws_security_group.this_name_prefix"]},"description":"The VPC ID"}},"resources":[{"address":"aws_security_group.this","mode":"managed","type":"aws_security_group","name":"this","provider_config_key":"security_group:aws","expressions":{"description":{"references":["var.description"]},"name":{"references":["var.name"]},"revoke_rules_on_delete":{"references":["var.revoke_rules_on_delete"]},"tags":{"references":["var.name","var.tags"]},"vpc_id":{"references":["var.vpc_id"]}},"schema_version":1,"count_expression":{"references":["var.create","var.create_sg","var.use_name_prefix"]}},{"address":"aws_security_group.this_name_prefix","mode":"managed","type":"aws_security_group","name":"this_name_prefix","provider_config_key":"security_group:aws","expressions":{"description":{"references":["var.description"]},"name_prefix":{"references":["var.name"]},"revoke_rules_on_delete":{"references":["var.revoke_rules_on_delete"]},"tags":{"references":["var.name","var.tags"]},"vpc_id":{"references":["var.vpc_id"]}},"schema_version":1,"count_expression":{"references":["var.create","var.create_sg","var.use_name_prefix"]}},{"address":"aws_security_group_rule.computed_egress_rules","mode":"managed","type":"aws_security_group_rule","name":"computed_egress_rules","provider_config_key":"security_group:aws","expressions":{"cidr_blocks":{"references":["var.egress_cidr_blocks"]},"description":{"references":["var.rules","var.computed_egress_rules","count.index"]},"from_port":{"references":["var.rules","var.computed_egress_rules","count.index"]},"ipv6_cidr_blocks":{"references":["var.egress_ipv6_cidr_blocks"]},"prefix_list_ids":{"references":["var.egress_prefix_list_ids"]},"protocol":{"references":["var.rules","var.computed_egress_rules","count.index"]},"security_group_id":{"references":["local.this_sg_id"]},"to_port":{"references":["var.rules","var.computed_egress_rules","count.index"]},"type":{"constant_value":"egress"}},"schema_version":2,"count_expression":{"references":["var.create","var.number_of_computed_egress_rules"]}},{"address":"aws_security_group_rule.computed_egress_with_cidr_blocks","mode":"managed","type":"aws_security_group_rule","name":"computed_egress_with_cidr_blocks","provider_config_key":"security_group:aws","expressions":{"cidr_blocks":{"references":["var.computed_egress_with_cidr_blocks","count.index","var.egress_cidr_blocks"]},"description":{"references":["var.computed_egress_with_cidr_blocks","count.index"]},"from_port":{"references":["var.computed_egress_with_cidr_blocks","count.index","var.rules","var.computed_egress_with_cidr_blocks","count.index"]},"prefix_list_ids":{"references":["var.egress_prefix_list_ids"]},"protocol":{"references":["var.computed_egress_with_cidr_blocks","count.index","var.rules","var.computed_egress_with_cidr_blocks","count.index"]},"security_group_id":{"references":["local.this_sg_id"]},"to_port":{"references":["var.computed_egress_with_cidr_blocks","count.index","var.rules","var.computed_egress_with_cidr_blocks","count.index"]},"type":{"constant_value":"egress"}},"schema_version":2,"count_expression":{"references":["var.create","var.number_of_computed_egress_with_cidr_blocks"]}},{"address":"aws_security_group_rule.computed_egress_with_ipv6_cidr_blocks","mode":"managed","type":"aws_security_group_rule","name":"computed_egress_with_ipv6_cidr_blocks","provider_config_key":"security_group:aws","expressions":{"description":{"references":["var.computed_egress_with_ipv6_cidr_blocks","count.index"]},"from_port":{"references":["var.computed_egress_with_ipv6_cidr_blocks","count.index","var.rules","var.computed_egress_with_ipv6_cidr_blocks","count.index"]},"ipv6_cidr_blocks":{"references":["var.computed_egress_with_ipv6_cidr_blocks","count.index","var.egress_ipv6_cidr_blocks"]},"prefix_list_ids":{"references":["var.egress_prefix_list_ids"]},"protocol":{"references":["var.computed_egress_with_ipv6_cidr_blocks","count.index","var.rules","var.computed_egress_with_ipv6_cidr_blocks","count.index"]},"security_group_id":{"references":["local.this_sg_id"]},"to_port":{"references":["var.computed_egress_with_ipv6_cidr_blocks","count.index","var.rules","var.computed_egress_with_ipv6_cidr_blocks","count.index"]},"type":{"constant_value":"egress"}},"schema_version":2,"count_expression":{"references":["var.create","var.number_of_computed_egress_with_ipv6_cidr_blocks"]}},{"address":"aws_security_group_rule.computed_egress_with_self","mode":"managed","type":"aws_security_group_rule","name":"computed_egress_with_self","provider_config_key":"security_group:aws","expressions":{"description":{"references":["var.computed_egress_with_self","count.index"]},"from_port":{"references":["var.computed_egress_with_self","count.index","var.rules","var.computed_egress_with_self","count.index"]},"prefix_list_ids":{"references":["var.egress_prefix_list_ids"]},"protocol":{"references":["var.computed_egress_with_self","count.index","var.rules","var.computed_egress_with_self","count.index"]},"security_group_id":{"references":["local.this_sg_id"]},"self":{"references":["var.computed_egress_with_self","count.index"]},"to_port":{"references":["var.computed_egress_with_self","count.index","var.rules","var.computed_egress_with_self","count.index"]},"type":{"constant_value":"egress"}},"schema_version":2,"count_expression":{"references":["var.create","var.number_of_computed_egress_with_self"]}},{"address":"aws_security_group_rule.computed_egress_with_source_security_group_id","mode":"managed","type":"aws_security_group_rule","name":"computed_egress_with_source_security_group_id","provider_config_key":"security_group:aws","expressions":{"description":{"references":["var.computed_egress_with_source_security_group_id","count.index"]},"from_port":{"references":["var.computed_egress_with_source_security_group_id","count.index","var.rules","var.computed_egress_with_source_security_group_id","count.index"]},"prefix_list_ids":{"references":["var.egress_prefix_list_ids"]},"protocol":{"references":["var.computed_egress_with_source_security_group_id","count.index","var.rules","var.computed_egress_with_source_security_group_id","count.index"]},"security_group_id":{"references":["local.this_sg_id"]},"source_security_group_id":{"references":["var.computed_egress_with_source_security_group_id","count.index"]},"to_port":{"references":["var.computed_egress_with_source_security_group_id","count.index","var.rules","var.computed_egress_with_source_security_group_id","count.index"]},"type":{"constant_value":"egress"}},"schema_version":2,"count_expression":{"references":["var.create","var.number_of_computed_egress_with_source_security_group_id"]}},{"address":"aws_security_group_rule.computed_ingress_rules","mode":"managed","type":"aws_security_group_rule","name":"computed_ingress_rules","provider_config_key":"security_group:aws","expressions":{"cidr_blocks":{"references":["var.ingress_cidr_blocks"]},"description":{"references":["var.rules","var.computed_ingress_rules","count.index"]},"from_port":{"references":["var.rules","var.computed_ingress_rules","count.index"]},"ipv6_cidr_blocks":{"references":["var.ingress_ipv6_cidr_blocks"]},"prefix_list_ids":{"references":["var.ingress_prefix_list_ids"]},"protocol":{"references":["var.rules","var.computed_ingress_rules","count.index"]},"security_group_id":{"references":["local.this_sg_id"]},"to_port":{"references":["var.rules","var.computed_ingress_rules","count.index"]},"type":{"constant_value":"ingress"}},"schema_version":2,"count_expression":{"references":["var.create","var.number_of_computed_ingress_rules"]}},{"address":"aws_security_group_rule.computed_ingress_with_cidr_blocks","mode":"managed","type":"aws_security_group_rule","name":"computed_ingress_with_cidr_blocks","provider_config_key":"security_group:aws","expressions":{"cidr_blocks":{"references":["var.computed_ingress_with_cidr_blocks","count.index","var.ingress_cidr_blocks"]},"description":{"references":["var.computed_ingress_with_cidr_blocks","count.index"]},"from_port":{"references":["var.computed_ingress_with_cidr_blocks","count.index","var.rules","var.computed_ingress_with_cidr_blocks","count.index"]},"prefix_list_ids":{"references":["var.ingress_prefix_list_ids"]},"protocol":{"references":["var.computed_ingress_with_cidr_blocks","count.index","var.rules","var.computed_ingress_with_cidr_blocks","count.index"]},"security_group_id":{"references":["local.this_sg_id"]},"to_port":{"references":["var.computed_ingress_with_cidr_blocks","count.index","var.rules","var.computed_ingress_with_cidr_blocks","count.index"]},"type":{"constant_value":"ingress"}},"schema_version":2,"count_expression":{"references":["var.create","var.number_of_computed_ingress_with_cidr_blocks"]}},{"address":"aws_security_group_rule.computed_ingress_with_ipv6_cidr_blocks","mode":"managed","type":"aws_security_group_rule","name":"computed_ingress_with_ipv6_cidr_blocks","provider_config_key":"security_group:aws","expressions":{"description":{"references":["var.computed_ingress_with_ipv6_cidr_blocks","count.index"]},"from_port":{"references":["var.computed_ingress_with_ipv6_cidr_blocks","count.index","var.rules","var.computed_ingress_with_ipv6_cidr_blocks","count.index"]},"ipv6_cidr_blocks":{"references":["var.computed_ingress_with_ipv6_cidr_blocks","count.index","var.ingress_ipv6_cidr_blocks"]},"prefix_list_ids":{"references":["var.ingress_prefix_list_ids"]},"protocol":{"references":["var.computed_ingress_with_ipv6_cidr_blocks","count.index","var.rules","var.computed_ingress_with_ipv6_cidr_blocks","count.index"]},"security_group_id":{"references":["local.this_sg_id"]},"to_port":{"references":["var.computed_ingress_with_ipv6_cidr_blocks","count.index","var.rules","var.computed_ingress_with_ipv6_cidr_blocks","count.index"]},"type":{"constant_value":"ingress"}},"schema_version":2,"count_expression":{"references":["var.create","var.number_of_computed_ingress_with_ipv6_cidr_blocks"]}},{"address":"aws_security_group_rule.computed_ingress_with_self","mode":"managed","type":"aws_security_group_rule","name":"computed_ingress_with_self","provider_config_key":"security_group:aws","expressions":{"description":{"references":["var.computed_ingress_with_self","count.index"]},"from_port":{"references":["var.computed_ingress_with_self","count.index","var.rules","var.computed_ingress_with_self","count.index"]},"prefix_list_ids":{"references":["var.ingress_prefix_list_ids"]},"protocol":{"references":["var.computed_ingress_with_self","count.index","var.rules","var.computed_ingress_with_self","count.index"]},"security_group_id":{"references":["local.this_sg_id"]},"self":{"references":["var.computed_ingress_with_self","count.index"]},"to_port":{"references":["var.computed_ingress_with_self","count.index","var.rules","var.computed_ingress_with_self","count.index"]},"type":{"constant_value":"ingress"}},"schema_version":2,"count_expression":{"references":["var.create","var.number_of_computed_ingress_with_self"]}},{"address":"aws_security_group_rule.computed_ingress_with_source_security_group_id","mode":"managed","type":"aws_security_group_rule","name":"computed_ingress_with_source_security_group_id","provider_config_key":"security_group:aws","expressions":{"description":{"references":["var.computed_ingress_with_source_security_group_id","count.index"]},"from_port":{"references":["var.computed_ingress_with_source_security_group_id","count.index","var.rules","var.computed_ingress_with_source_security_group_id","count.index"]},"prefix_list_ids":{"references":["var.ingress_prefix_list_ids"]},"protocol":{"references":["var.computed_ingress_with_source_security_group_id","count.index","var.rules","var.computed_ingress_with_source_security_group_id","count.index"]},"security_group_id":{"references":["local.this_sg_id"]},"source_security_group_id":{"references":["var.computed_ingress_with_source_security_group_id","count.index"]},"to_port":{"references":["var.computed_ingress_with_source_security_group_id","count.index","var.rules","var.computed_ingress_with_source_security_group_id","count.index"]},"type":{"constant_value":"ingress"}},"schema_version":2,"count_expression":{"references":["var.create","var.number_of_computed_ingress_with_source_security_group_id"]}},{"address":"aws_security_group_rule.egress_rules","mode":"managed","type":"aws_security_group_rule","name":"egress_rules","provider_config_key":"security_group:aws","expressions":{"cidr_blocks":{"references":["var.egress_cidr_blocks"]},"description":{"references":["var.rules","var.egress_rules","count.index"]},"from_port":{"references":["var.rules","var.egress_rules","count.index"]},"ipv6_cidr_blocks":{"references":["var.egress_ipv6_cidr_blocks"]},"prefix_list_ids":{"references":["var.egress_prefix_list_ids"]},"protocol":{"references":["var.rules","var.egress_rules","count.index"]},"security_group_id":{"references":["local.this_sg_id"]},"to_port":{"references":["var.rules","var.egress_rules","count.index"]},"type":{"constant_value":"egress"}},"schema_version":2,"count_expression":{"references":["var.create","var.egress_rules"]}},{"address":"aws_security_group_rule.egress_with_cidr_blocks","mode":"managed","type":"aws_security_group_rule","name":"egress_with_cidr_blocks","provider_config_key":"security_group:aws","expressions":{"cidr_blocks":{"references":["var.egress_with_cidr_blocks","count.index","var.egress_cidr_blocks"]},"description":{"references":["var.egress_with_cidr_blocks","count.index"]},"from_port":{"references":["var.egress_with_cidr_blocks","count.index","var.rules","var.egress_with_cidr_blocks","count.index"]},"prefix_list_ids":{"references":["var.egress_prefix_list_ids"]},"protocol":{"references":["var.egress_with_cidr_blocks","count.index","var.rules","var.egress_with_cidr_blocks","count.index"]},"security_group_id":{"references":["local.this_sg_id"]},"to_port":{"references":["var.egress_with_cidr_blocks","count.index","var.rules","var.egress_with_cidr_blocks","count.index"]},"type":{"constant_value":"egress"}},"schema_version":2,"count_expression":{"references":["var.create","var.egress_with_cidr_blocks"]}},{"address":"aws_security_group_rule.egress_with_ipv6_cidr_blocks","mode":"managed","type":"aws_security_group_rule","name":"egress_with_ipv6_cidr_blocks","provider_config_key":"security_group:aws","expressions":{"description":{"references":["var.egress_with_ipv6_cidr_blocks","count.index"]},"from_port":{"references":["var.egress_with_ipv6_cidr_blocks","count.index","var.rules","var.egress_with_ipv6_cidr_blocks","count.index"]},"ipv6_cidr_blocks":{"references":["var.egress_with_ipv6_cidr_blocks","count.index","var.egress_ipv6_cidr_blocks"]},"prefix_list_ids":{"references":["var.egress_prefix_list_ids"]},"protocol":{"references":["var.egress_with_ipv6_cidr_blocks","count.index","var.rules","var.egress_with_ipv6_cidr_blocks","count.index"]},"security_group_id":{"references":["local.this_sg_id"]},"to_port":{"references":["var.egress_with_ipv6_cidr_blocks","count.index","var.rules","var.egress_with_ipv6_cidr_blocks","count.index"]},"type":{"constant_value":"egress"}},"schema_version":2,"count_expression":{"references":["var.create","var.egress_with_ipv6_cidr_blocks"]}},{"address":"aws_security_group_rule.egress_with_self","mode":"managed","type":"aws_security_group_rule","name":"egress_with_self","provider_config_key":"security_group:aws","expressions":{"description":{"references":["var.egress_with_self","count.index"]},"from_port":{"references":["var.egress_with_self","count.index","var.rules","var.egress_with_self","count.index"]},"prefix_list_ids":{"references":["var.egress_prefix_list_ids"]},"protocol":{"references":["var.egress_with_self","count.index","var.rules","var.egress_with_self","count.index"]},"security_group_id":{"references":["local.this_sg_id"]},"self":{"references":["var.egress_with_self","count.index"]},"to_port":{"references":["var.egress_with_self","count.index","var.rules","var.egress_with_self","count.index"]},"type":{"constant_value":"egress"}},"schema_version":2,"count_expression":{"references":["var.create","var.egress_with_self"]}},{"address":"aws_security_group_rule.egress_with_source_security_group_id","mode":"managed","type":"aws_security_group_rule","name":"egress_with_source_security_group_id","provider_config_key":"security_group:aws","expressions":{"description":{"references":["var.egress_with_source_security_group_id","count.index"]},"from_port":{"references":["var.egress_with_source_security_group_id","count.index","var.rules","var.egress_with_source_security_group_id","count.index"]},"prefix_list_ids":{"references":["var.egress_prefix_list_ids"]},"protocol":{"references":["var.egress_with_source_security_group_id","count.index","var.rules","var.egress_with_source_security_group_id","count.index"]},"security_group_id":{"references":["local.this_sg_id"]},"source_security_group_id":{"references":["var.egress_with_source_security_group_id","count.index"]},"to_port":{"references":["var.egress_with_source_security_group_id","count.index","var.rules","var.egress_with_source_security_group_id","count.index"]},"type":{"constant_value":"egress"}},"schema_version":2,"count_expression":{"references":["var.create","var.egress_with_source_security_group_id"]}},{"address":"aws_security_group_rule.ingress_rules","mode":"managed","type":"aws_security_group_rule","name":"ingress_rules","provider_config_key":"security_group:aws","expressions":{"cidr_blocks":{"references":["var.ingress_cidr_blocks"]},"description":{"references":["var.rules","var.ingress_rules","count.index"]},"from_port":{"references":["var.rules","var.ingress_rules","count.index"]},"ipv6_cidr_blocks":{"references":["var.ingress_ipv6_cidr_blocks"]},"prefix_list_ids":{"references":["var.ingress_prefix_list_ids"]},"protocol":{"references":["var.rules","var.ingress_rules","count.index"]},"security_group_id":{"references":["local.this_sg_id"]},"to_port":{"references":["var.rules","var.ingress_rules","count.index"]},"type":{"constant_value":"ingress"}},"schema_version":2,"count_expression":{"references":["var.create","var.ingress_rules"]}},{"address":"aws_security_group_rule.ingress_with_cidr_blocks","mode":"managed","type":"aws_security_group_rule","name":"ingress_with_cidr_blocks","provider_config_key":"security_group:aws","expressions":{"cidr_blocks":{"references":["var.ingress_with_cidr_blocks","count.index","var.ingress_cidr_blocks"]},"description":{"references":["var.ingress_with_cidr_blocks","count.index"]},"from_port":{"references":["var.ingress_with_cidr_blocks","count.index","var.rules","var.ingress_with_cidr_blocks","count.index"]},"prefix_list_ids":{"references":["var.ingress_prefix_list_ids"]},"protocol":{"references":["var.ingress_with_cidr_blocks","count.index","var.rules","var.ingress_with_cidr_blocks","count.index"]},"security_group_id":{"references":["local.this_sg_id"]},"to_port":{"references":["var.ingress_with_cidr_blocks","count.index","var.rules","var.ingress_with_cidr_blocks","count.index"]},"type":{"constant_value":"ingress"}},"schema_version":2,"count_expression":{"references":["var.create","var.ingress_with_cidr_blocks"]}},{"address":"aws_security_group_rule.ingress_with_ipv6_cidr_blocks","mode":"managed","type":"aws_security_group_rule","name":"ingress_with_ipv6_cidr_blocks","provider_config_key":"security_group:aws","expressions":{"description":{"references":["var.ingress_with_ipv6_cidr_blocks","count.index"]},"from_port":{"references":["var.ingress_with_ipv6_cidr_blocks","count.index","var.rules","var.ingress_with_ipv6_cidr_blocks","count.index"]},"ipv6_cidr_blocks":{"references":["var.ingress_with_ipv6_cidr_blocks","count.index","var.ingress_ipv6_cidr_blocks"]},"prefix_list_ids":{"references":["var.ingress_prefix_list_ids"]},"protocol":{"references":["var.ingress_with_ipv6_cidr_blocks","count.index","var.rules","var.ingress_with_ipv6_cidr_blocks","count.index"]},"security_group_id":{"references":["local.this_sg_id"]},"to_port":{"references":["var.ingress_with_ipv6_cidr_blocks","count.index","var.rules","var.ingress_with_ipv6_cidr_blocks","count.index"]},"type":{"constant_value":"ingress"}},"schema_version":2,"count_expression":{"references":["var.create","var.ingress_with_ipv6_cidr_blocks"]}},{"address":"aws_security_group_rule.ingress_with_self","mode":"managed","type":"aws_security_group_rule","name":"ingress_with_self","provider_config_key":"security_group:aws","expressions":{"description":{"references":["var.ingress_with_self","count.index"]},"from_port":{"references":["var.ingress_with_self","count.index","var.rules","var.ingress_with_self","count.index"]},"prefix_list_ids":{"references":["var.ingress_prefix_list_ids"]},"protocol":{"references":["var.ingress_with_self","count.index","var.rules","var.ingress_with_self","count.index"]},"security_group_id":{"references":["local.this_sg_id"]},"self":{"references":["var.ingress_with_self","count.index"]},"to_port":{"references":["var.ingress_with_self","count.index","var.rules","var.ingress_with_self","count.index"]},"type":{"constant_value":"ingress"}},"schema_version":2,"count_expression":{"references":["var.create","var.ingress_with_self"]}},{"address":"aws_security_group_rule.ingress_with_source_security_group_id","mode":"managed","type":"aws_security_group_rule","name":"ingress_with_source_security_group_id","provider_config_key":"security_group:aws","expressions":{"description":{"references":["var.ingress_with_source_security_group_id","count.index"]},"from_port":{"references":["var.ingress_with_source_security_group_id","count.index","var.rules","var.ingress_with_source_security_group_id","count.index"]},"prefix_list_ids":{"references":["var.ingress_prefix_list_ids"]},"protocol":{"references":["var.ingress_with_source_security_group_id","count.index","var.rules","var.ingress_with_source_security_group_id","count.index"]},"security_group_id":{"references":["local.this_sg_id"]},"source_security_group_id":{"references":["var.ingress_with_source_security_group_id","count.index"]},"to_port":{"references":["var.ingress_with_source_security_group_id","count.index","var.rules","var.ingress_with_source_security_group_id","count.index"]},"type":{"constant_value":"ingress"}},"schema_version":2,"count_expression":{"references":["var.create","var.ingress_with_source_security_group_id"]}}],"variables":{"auto_groups":{"default":{"activemq":{"egress_rules":["all-all"],"ingress_rules":["activemq-5671-tcp","activemq-8883-tcp","activemq-61614-tcp","activemq-61617-tcp","activemq-61619-tcp"],"ingress_with_self":["all-all"]},"alertmanager":{"egress_rules":["all-all"],"ingress_rules":["alertmanager-9093-tcp","alertmanager-9094-tcp"],"ingress_with_self":["all-all"]},"carbon-relay-ng":{"egress_rules":["all-all"],"ingress_rules":["carbon-line-in-tcp","carbon-line-in-udp","carbon-pickle-tcp","carbon-pickle-udp","carbon-gui-udp"],"ingress_with_self":["all-all"]},"cassandra":{"egress_rules":["all-all"],"ingress_rules":["cassandra-clients-tcp","cassandra-thrift-clients-tcp","cassandra-jmx-tcp"],"ingress_with_self":["all-all"]},"consul":{"egress_rules":["all-all"],"ingress_rules":["consul-tcp","consul-cli-rpc-tcp","consul-webui-tcp","consul-dns-tcp","consul-dns-udp","consul-serf-lan-tcp","consul-serf-lan-udp","consul-serf-wan-tcp","consul-serf-wan-udp"],"ingress_with_self":["all-all"]},"docker-swarm":{"egress_rules":["all-all"],"ingress_rules":["docker-swarm-mngmt-tcp","docker-swarm-node-tcp","docker-swarm-node-udp","docker-swarm-overlay-udp"],"ingress_with_self":["all-all"]},"elasticsearch":{"egress_rules":["all-all"],"ingress_rules":["elasticsearch-rest-tcp","elasticsearch-java-tcp"],"ingress_with_self":["all-all"]},"grafana":{"egress_rules":["all-all"],"ingress_rules":["grafana-tcp"],"ingress_with_self":["all-all"]},"graphite-statsd":{"egress_rules":["all-all"],"ingress_rules":["graphite-webui","graphite-2003-tcp","graphite-2004-tcp","graphite-2023-tcp","graphite-2024-tcp","graphite-8080-tcp","graphite-8125-tcp","graphite-8125-udp","graphite-8126-tcp"],"ingress_with_self":["all-all"]},"http-80":{"egress_rules":["all-all"],"ingress_rules":["http-80-tcp"],"ingress_with_self":["all-all"]},"http-8080":{"egress_rules":["all-all"],"ingress_rules":["http-8080-tcp"],"ingress_with_self":["all-all"]},"https-443":{"egress_rules":["all-all"],"ingress_rules":["https-443-tcp"],"ingress_with_self":["all-all"]},"https-8443":{"egress_rules":["all-all"],"ingress_rules":["https-8443-tcp"],"ingress_with_self":["all-all"]},"ipsec-4500":{"egress_rules":["all-all"],"ingress_rules":["ipsec-4500-udp"],"ingress_with_self":["all-all"]},"ipsec-500":{"egress_rules":["all-all"],"ingress_rules":["ipsec-500-udp"],"ingress_with_self":["all-all"]},"kafka":{"egress_rules":["all-all"],"ingress_rules":["kafka-broker-tcp","kafka-broker-tls-tcp","kafka-jmx-exporter-tcp","kafka-node-exporter-tcp"],"ingress_with_self":["all-all"]},"kibana":{"egress_rules":["all-all"],"ingress_rules":["kibana-tcp"],"ingress_with_self":["all-all"]},"kubernetes-api":{"egress_rules":["all-all"],"ingress_rules":["kubernetes-api-tcp"],"ingress_with_self":["all-all"]},"ldap":{"egress_rules":["all-all"],"ingress_rules":["ldap-tcp"],"ingress_with_self":["all-all"]},"ldaps":{"egress_rules":["all-all"],"ingress_rules":["ldaps-tcp"],"ingress_with_self":["all-all"]},"logstash":{"egress_rules":["all-all"],"ingress_rules":["logstash-tcp"],"ingress_with_self":["all-all"]},"memcached":{"egress_rules":["all-all"],"ingress_rules":["memcached-tcp"],"ingress_with_self":["all-all"]},"minio":{"egress_rules":["all-all"],"ingress_rules":["minio-tcp"],"ingress_with_self":["all-all"]},"mongodb":{"egress_rules":["all-all"],"ingress_rules":["mongodb-27017-tcp","mongodb-27018-tcp","mongodb-27019-tcp"],"ingress_with_self":["all-all"]},"mssql":{"egress_rules":["all-all"],"ingress_rules":["mssql-tcp","mssql-udp","mssql-analytics-tcp","mssql-broker-tcp"],"ingress_with_self":["all-all"]},"mysql":{"egress_rules":["all-all"],"ingress_rules":["mysql-tcp"],"ingress_with_self":["all-all"]},"nfs":{"egress_rules":["all-all"],"ingress_rules":["nfs-tcp"],"ingress_with_self":["all-all"]},"nomad":{"egress_rules":["all-all"],"ingress_rules":["nomad-http-tcp","nomad-rpc-tcp","nomad-serf-tcp","nomad-serf-udp"],"ingress_with_self":["all-all"]},"ntp":{"egress_rules":["all-all"],"ingress_rules":["ntp-udp"],"ingress_with_self":["all-all"]},"openvpn":{"egress_rules":["all-all"],"ingress_rules":["openvpn-udp","openvpn-tcp","openvpn-https-tcp"],"ingress_with_self":["all-all"]},"oracle-db":{"egress_rules":["all-all"],"ingress_rules":["oracle-db-tcp"],"ingress_with_self":["all-all"]},"postgresql":{"egress_rules":["all-all"],"ingress_rules":["postgresql-tcp"],"ingress_with_self":["all-all"]},"prometheus":{"egress_rules":["all-all"],"ingress_rules":["prometheus-http-tcp","prometheus-pushgateway-http-tcp"],"ingress_with_self":["all-all"]},"puppet":{"egress_rules":["all-all"],"ingress_rules":["puppet-tcp","puppetdb-tcp"],"ingress_with_self":["all-all"]},"rabbitmq":{"egress_rules":["all-all"],"ingress_rules":["rabbitmq-4369-tcp","rabbitmq-5671-tcp","rabbitmq-5672-tcp","rabbitmq-15672-tcp","rabbitmq-25672-tcp"],"ingress_with_self":["all-all"]},"rdp":{"egress_rules":["all-all"],"ingress_rules":["rdp-tcp","rdp-udp"],"ingress_with_self":["all-all"]},"redis":{"egress_rules":["all-all"],"ingress_rules":["redis-tcp"],"ingress_with_self":["all-all"]},"redshift":{"egress_rules":["all-all"],"ingress_rules":["redshift-tcp"],"ingress_with_self":["all-all"]},"smtp":{"egress_rules":["all-all"],"ingress_rules":["smtp-tcp"],"ingress_with_self":["all-all"]},"smtp-submission":{"egress_rules":["all-all"],"ingress_rules":["smtp-submission-587-tcp","smtp-submission-2587-tcp"],"ingress_with_self":["all-all"]},"smtps":{"egress_rules":["all-all"],"ingress_rules":["smtps-465-tcp","smtps-2465-tcp"],"ingress_with_self":["all-all"]},"solr":{"egress_rules":["all-all"],"ingress_rules":["solr-tcp"],"ingress_with_self":["all-all"]},"splunk":{"egress_rules":["all-all"],"ingress_rules":["splunk-indexer-tcp","splunk-clients-tcp","splunk-splunkd-tcp","splunk-hec-tcp"],"ingress_with_self":["all-all"]},"squid":{"egress_rules":["all-all"],"ingress_rules":["squid-proxy-tcp"],"ingress_with_self":["all-all"]},"ssh":{"egress_rules":["all-all"],"ingress_rules":["ssh-tcp"],"ingress_with_self":["all-all"]},"storm":{"egress_rules":["all-all"],"ingress_rules":["storm-nimbus-tcp","storm-ui-tcp","storm-supervisor-tcp"],"ingress_with_self":["all-all"]},"web":{"egress_rules":["all-all"],"ingress_rules":["http-80-tcp","http-8080-tcp","https-443-tcp","web-jmx-tcp"],"ingress_with_self":["all-all"]},"winrm":{"egress_rules":["all-all"],"ingress_rules":["winrm-http-tcp","winrm-https-tcp"],"ingress_with_self":["all-all"]},"zipkin":{"egress_rules":["all-all"],"ingress_rules":["zipkin-admin-tcp","zipkin-admin-query-tcp","zipkin-admin-web-tcp","zipkin-query-tcp","zipkin-web-tcp"],"ingress_with_self":["all-all"]},"zookeeper":{"egress_rules":["all-all"],"ingress_rules":["zookeeper-2181-tcp","zookeeper-2888-tcp","zookeeper-3888-tcp","zookeeper-jmx-tcp"],"ingress_with_self":["all-all"]}},"description":"Map of groups of security group rules to use to generate modules (see update_groups.sh)"},"computed_egress_rules":{"default":[],"description":"List of computed egress rules to create by name"},"computed_egress_with_cidr_blocks":{"default":[],"description":"List of computed egress rules to create where 'cidr_blocks' is used"},"computed_egress_with_ipv6_cidr_blocks":{"default":[],"description":"List of computed egress rules to create where 'ipv6_cidr_blocks' is used"},"computed_egress_with_self":{"default":[],"description":"List of computed egress rules to create where 'self' is defined"},"computed_egress_with_source_security_group_id":{"default":[],"description":"List of computed egress rules to create where 'source_security_group_id' is used"},"computed_ingress_rules":{"default":[],"description":"List of computed ingress rules to create by name"},"computed_ingress_with_cidr_blocks":{"default":[],"description":"List of computed ingress rules to create where 'cidr_blocks' is used"},"computed_ingress_with_ipv6_cidr_blocks":{"default":[],"description":"List of computed ingress rules to create where 'ipv6_cidr_blocks' is used"},"computed_ingress_with_self":{"default":[],"description":"List of computed ingress rules to create where 'self' is defined"},"computed_ingress_with_source_security_group_id":{"default":[],"description":"List of computed ingress rules to create where 'source_security_group_id' is used"},"create":{"default":true,"description":"Whether to create security group and all rules"},"create_sg":{"default":true,"description":"Whether to create security group"},"description":{"default":"Security Group managed by Terraform","description":"Description of security group"},"egress_cidr_blocks":{"default":["0.0.0.0/0"],"description":"List of IPv4 CIDR ranges to use on all egress rules"},"egress_ipv6_cidr_blocks":{"default":["::/0"],"description":"List of IPv6 CIDR ranges to use on all egress rules"},"egress_prefix_list_ids":{"default":[],"description":"List of prefix list IDs (for allowing access to VPC endpoints) to use on all egress rules"},"egress_rules":{"default":[],"description":"List of egress rules to create by name"},"egress_with_cidr_blocks":{"default":[],"description":"List of egress rules to create where 'cidr_blocks' is used"},"egress_with_ipv6_cidr_blocks":{"default":[],"description":"List of egress rules to create where 'ipv6_cidr_blocks' is used"},"egress_with_self":{"default":[],"description":"List of egress rules to create where 'self' is defined"},"egress_with_source_security_group_id":{"default":[],"description":"List of egress rules to create where 'source_security_group_id' is used"},"ingress_cidr_blocks":{"default":[],"description":"List of IPv4 CIDR ranges to use on all ingress rules"},"ingress_ipv6_cidr_blocks":{"default":[],"description":"List of IPv6 CIDR ranges to use on all ingress rules"},"ingress_prefix_list_ids":{"default":[],"description":"List of prefix list IDs (for allowing access to VPC endpoints) to use on all ingress rules"},"ingress_rules":{"default":[],"description":"List of ingress rules to create by name"},"ingress_with_cidr_blocks":{"default":[],"description":"List of ingress rules to create where 'cidr_blocks' is used"},"ingress_with_ipv6_cidr_blocks":{"default":[],"description":"List of ingress rules to create where 'ipv6_cidr_blocks' is used"},"ingress_with_self":{"default":[],"description":"List of ingress rules to create where 'self' is defined"},"ingress_with_source_security_group_id":{"default":[],"description":"List of ingress rules to create where 'source_security_group_id' is used"},"name":{"default":null,"description":"Name of security group - not required if create_group is false"},"number_of_computed_egress_rules":{"default":0,"description":"Number of computed egress rules to create by name"},"number_of_computed_egress_with_cidr_blocks":{"default":0,"description":"Number of computed egress rules to create where 'cidr_blocks' is used"},"number_of_computed_egress_with_ipv6_cidr_blocks":{"default":0,"description":"Number of computed egress rules to create where 'ipv6_cidr_blocks' is used"},"number_of_computed_egress_with_self":{"default":0,"description":"Number of computed egress rules to create where 'self' is defined"},"number_of_computed_egress_with_source_security_group_id":{"default":0,"description":"Number of computed egress rules to create where 'source_security_group_id' is used"},"number_of_computed_ingress_rules":{"default":0,"description":"Number of computed ingress rules to create by name"},"number_of_computed_ingress_with_cidr_blocks":{"default":0,"description":"Number of computed ingress rules to create where 'cidr_blocks' is used"},"number_of_computed_ingress_with_ipv6_cidr_blocks":{"default":0,"description":"Number of computed ingress rules to create where 'ipv6_cidr_blocks' is used"},"number_of_computed_ingress_with_self":{"default":0,"description":"Number of computed ingress rules to create where 'self' is defined"},"number_of_computed_ingress_with_source_security_group_id":{"default":0,"description":"Number of computed ingress rules to create where 'source_security_group_id' is used"},"revoke_rules_on_delete":{"default":false,"description":"Instruct Terraform to revoke all of the Security Groups attached ingress and egress rules before deleting the rule itself. Enable for EMR."},"rules":{"default":{"_":["","",""],"activemq-5671-tcp":["5671","5671","tcp","ActiveMQ AMQP"],"activemq-61614-tcp":["61614","61614","tcp","ActiveMQ STOMP"],"activemq-61617-tcp":["61617","61617","tcp","ActiveMQ OpenWire"],"activemq-61619-tcp":["61619","61619","tcp","ActiveMQ WebSocket"],"activemq-8883-tcp":["8883","8883","tcp","ActiveMQ MQTT"],"alertmanager-9093-tcp":["9093","9093","tcp","Alert Manager"],"alertmanager-9094-tcp":["9094","9094","tcp","Alert Manager Cluster"],"all-all":["-1","-1","-1","All protocols"],"all-icmp":["-1","-1","icmp","All IPV4 ICMP"],"all-ipv6-icmp":["-1","-1","58","All IPV6 ICMP"],"all-tcp":["0","65535","tcp","All TCP ports"],"all-udp":["0","65535","udp","All UDP ports"],"carbon-admin-tcp":["2004","2004","tcp","Carbon admin"],"carbon-gui-udp":["8081","8081","tcp","Carbon GUI"],"carbon-line-in-tcp":["2003","2003","tcp","Carbon line-in"],"carbon-line-in-udp":["2003","2003","udp","Carbon line-in"],"carbon-pickle-tcp":["2013","2013","tcp","Carbon pickle"],"carbon-pickle-udp":["2013","2013","udp","Carbon pickle"],"cassandra-clients-tcp":["9042","9042","tcp","Cassandra clients"],"cassandra-jmx-tcp":["7199","7199","tcp","JMX"],"cassandra-thrift-clients-tcp":["9160","9160","tcp","Cassandra Thrift clients"],"consul-cli-rpc-tcp":["8400","8400","tcp","Consul CLI RPC"],"consul-dns-tcp":["8600","8600","tcp","Consul DNS"],"consul-dns-udp":["8600","8600","udp","Consul DNS"],"consul-serf-lan-tcp":["8301","8301","tcp","Serf LAN"],"consul-serf-lan-udp":["8301","8301","udp","Serf LAN"],"consul-serf-wan-tcp":["8302","8302","tcp","Serf WAN"],"consul-serf-wan-udp":["8302","8302","udp","Serf WAN"],"consul-tcp":["8300","8300","tcp","Consul server"],"consul-webui-tcp":["8500","8500","tcp","Consul web UI"],"dns-tcp":["53","53","tcp","DNS"],"dns-udp":["53","53","udp","DNS"],"docker-swarm-mngmt-tcp":["2377","2377","tcp","Docker Swarm cluster management"],"docker-swarm-node-tcp":["7946","7946","tcp","Docker Swarm node"],"docker-swarm-node-udp":["7946","7946","udp","Docker Swarm node"],"docker-swarm-overlay-udp":["4789","4789","udp","Docker Swarm Overlay Network Traffic"],"elasticsearch-java-tcp":["9300","9300","tcp","Elasticsearch Java interface"],"elasticsearch-rest-tcp":["9200","9200","tcp","Elasticsearch REST interface"],"grafana-tcp":["3000","3000","tcp","Grafana Dashboard"],"graphite-2003-tcp":["2003","2003","tcp","Carbon receiver plain text"],"graphite-2004-tcp":["2004","2004","tcp","Carbon receiver pickle"],"graphite-2023-tcp":["2023","2023","tcp","Carbon aggregator plaintext"],"graphite-2024-tcp":["2024","2024","tcp","Carbon aggregator pickle"],"graphite-8080-tcp":["8080","8080","tcp","Graphite gunicorn port"],"graphite-8125-tcp":["8125","8125","tcp","Statsd TCP"],"graphite-8125-udp":["8125","8125","udp","Statsd UDP default"],"graphite-8126-tcp":["8126","8126","tcp","Statsd admin"],"graphite-webui":["80","80","tcp","Graphite admin interface"],"http-80-tcp":["80","80","tcp","HTTP"],"http-8080-tcp":["8080","8080","tcp","HTTP"],"https-443-tcp":["443","443","tcp","HTTPS"],"https-8443-tcp":["8443","8443","tcp","HTTPS"],"ipsec-4500-udp":["4500","4500","udp","IPSEC NAT-T"],"ipsec-500-udp":["500","500","udp","IPSEC ISAKMP"],"kafka-broker-tcp":["9092","9092","tcp","Kafka broker 0.8.2+"],"kafka-broker-tls-tcp":["9094","9094","tcp","Kafka TLS enabled broker 0.8.2+"],"kafka-jmx-exporter-tcp":["11001","11001","tcp","Kafka JMX Exporter"],"kafka-node-exporter-tcp":["11002","11002","tcp","Kafka Node Exporter"],"kibana-tcp":["5601","5601","tcp","Kibana Web Interface"],"kubernetes-api-tcp":["6443","6443","tcp","Kubernetes API Server"],"ldap-tcp":["389","389","tcp","LDAP"],"ldaps-tcp":["636","636","tcp","LDAPS"],"logstash-tcp":["5044","5044","tcp","Logstash"],"memcached-tcp":["11211","11211","tcp","Memcached"],"minio-tcp":["9000","9000","tcp","MinIO"],"mongodb-27017-tcp":["27017","27017","tcp","MongoDB"],"mongodb-27018-tcp":["27018","27018","tcp","MongoDB shard"],"mongodb-27019-tcp":["27019","27019","tcp","MongoDB config server"],"mssql-analytics-tcp":["2383","2383","tcp","MSSQL Analytics"],"mssql-broker-tcp":["4022","4022","tcp","MSSQL Broker"],"mssql-tcp":["1433","1433","tcp","MSSQL Server"],"mssql-udp":["1434","1434","udp","MSSQL Browser"],"mysql-tcp":["3306","3306","tcp","MySQL/Aurora"],"nfs-tcp":["2049","2049","tcp","NFS/EFS"],"nomad-http-tcp":["4646","4646","tcp","Nomad HTTP"],"nomad-rpc-tcp":["4647","4647","tcp","Nomad RPC"],"nomad-serf-tcp":["4648","4648","tcp","Serf"],"nomad-serf-udp":["4648","4648","udp","Serf"],"ntp-udp":["123","123","udp","NTP"],"openvpn-https-tcp":["443","443","tcp","OpenVPN"],"openvpn-tcp":["943","943","tcp","OpenVPN"],"openvpn-udp":["1194","1194","udp","OpenVPN"],"oracle-db-tcp":["1521","1521","tcp","Oracle"],"postgresql-tcp":["5432","5432","tcp","PostgreSQL"],"prometheus-http-tcp":["9090","9090","tcp","Prometheus"],"prometheus-pushgateway-http-tcp":["9091","9091","tcp","Prometheus Pushgateway"],"puppet-tcp":["8140","8140","tcp","Puppet"],"puppetdb-tcp":["8081","8081","tcp","PuppetDB"],"rabbitmq-15672-tcp":["15672","15672","tcp","RabbitMQ"],"rabbitmq-25672-tcp":["25672","25672","tcp","RabbitMQ"],"rabbitmq-4369-tcp":["4369","4369","tcp","RabbitMQ epmd"],"rabbitmq-5671-tcp":["5671","5671","tcp","RabbitMQ"],"rabbitmq-5672-tcp":["5672","5672","tcp","RabbitMQ"],"rdp-tcp":["3389","3389","tcp","Remote Desktop"],"rdp-udp":["3389","3389","udp","Remote Desktop"],"redis-tcp":["6379","6379","tcp","Redis"],"redshift-tcp":["5439","5439","tcp","Redshift"],"saltstack-tcp":["4505","4506","tcp","SaltStack"],"smtp-submission-2587-tcp":["2587","2587","tcp","SMTP Submission"],"smtp-submission-587-tcp":["587","587","tcp","SMTP Submission"],"smtp-tcp":["25","25","tcp","SMTP"],"smtps-2456-tcp":["2465","2465","tcp","SMTPS"],"smtps-465-tcp":["465","465","tcp","SMTPS"],"solr-tcp":["8983","8987","tcp","Solr"],"splunk-hec-tcp":["8088","8088","tcp","Splunk HEC"],"splunk-indexer-tcp":["9997","9997","tcp","Splunk indexer"],"splunk-splunkd-tcp":["8089","8089","tcp","Splunkd"],"splunk-web-tcp":["8000","8000","tcp","Splunk Web"],"squid-proxy-tcp":["3128","3128","tcp","Squid default proxy"],"ssh-tcp":["22","22","tcp","SSH"],"storm-nimbus-tcp":["6627","6627","tcp","Nimbus"],"storm-supervisor-tcp":["6700","6703","tcp","Supervisor"],"storm-ui-tcp":["8080","8080","tcp","Storm UI"],"web-jmx-tcp":["1099","1099","tcp","JMX"],"winrm-http-tcp":["5985","5985","tcp","WinRM HTTP"],"winrm-https-tcp":["5986","5986","tcp","WinRM HTTPS"],"zipkin-admin-query-tcp":["9901","9901","tcp","Zipkin Admin port query"],"zipkin-admin-tcp":["9990","9990","tcp","Zipkin Admin port collector"],"zipkin-admin-web-tcp":["9991","9991","tcp","Zipkin Admin port web"],"zipkin-query-tcp":["9411","9411","tcp","Zipkin query port"],"zipkin-web-tcp":["8080","8080","tcp","Zipkin web port"],"zookeeper-2181-tcp":["2181","2181","tcp","Zookeeper"],"zookeeper-2888-tcp":["2888","2888","tcp","Zookeeper"],"zookeeper-3888-tcp":["3888","3888","tcp","Zookeeper"],"zookeeper-jmx-tcp":["7199","7199","tcp","JMX"]},"description":"Map of known security group rules (define as 'name' = ['from port', 'to port', 'protocol', 'description'])"},"security_group_id":{"default":null,"description":"ID of existing security group whose rules we will manage"},"tags":{"default":{},"description":"A mapping of tags to assign to security group"},"use_name_prefix":{"default":true,"description":"Whether to use name_prefix or fixed name. Should be true to able to update security group name after initial creation"},"vpc_id":{"default":null,"description":"ID of the VPC where to create security group"}}},"version_constraint":"~\u003e 4.0"}}}}}
